Microsoft Visual Studio Solution File, Format Version 10.00
# Visual Studio 2008
Project("{2150E333-8FDC-42A3-9474-1A3956D46DE8}") = "Server", "Server", "{48A7429E-5142-4EE5-8312-656631D34C0F}"
EndProject
Project("{2150E333-8FDC-42A3-9474-1A3956D46DE8}") = "GeoREST", "GeoREST", "{8B7A713D-A1B7-4341-B41E-99676C486010}"
EndProject
Project("{8BC9CEB8-8B4A-11D0-8D11-00A0C91BC942}") = "WebSupport", "WebSupport\WebSupport.vcproj", "{795B1B0E-4EC8-469D-B641-E26324266FBF}"
EndProject
Project("{8BC9CEB8-8B4A-11D0-8D11-00A0C91BC942}") = "HttpHandler", "HttpHandler\HttpHandler.vcproj", "{78619D0E-D3F9-4DDF-B90E-F99CB03DFC44}"
	ProjectSection(ProjectDependencies) = postProject
		{F7334B1B-0EFA-47E3-8E66-DF158E61B7E4} = {F7334B1B-0EFA-47E3-8E66-DF158E61B7E4}
		{A82ADC7D-4DA4-42F2-9BF6-DF5DCFB44425} = {A82ADC7D-4DA4-42F2-9BF6-DF5DCFB44425}
		{5287A594-4D4F-43FE-A281-E279AB708CF1} = {5287A594-4D4F-43FE-A281-E279AB708CF1}
		{D954DAAC-E305-40CE-B3F3-C229A0BEF4F0} = {D954DAAC-E305-40CE-B3F3-C229A0BEF4F0}
	EndProjectSection
EndProject
Project("{8BC9CEB8-8B4A-11D0-8D11-00A0C91BC942}") = "MapGuideApi", "MapGuideApi\MapGuideApi.vcproj", "{0D09DB57-3E55-4D53-A111-6BCF71C49002}"
	ProjectSection(ProjectDependencies) = postProject
		{795B1B0E-4EC8-469D-B641-E26324266FBF} = {795B1B0E-4EC8-469D-B641-E26324266FBF}
		{78619D0E-D3F9-4DDF-B90E-F99CB03DFC44} = {78619D0E-D3F9-4DDF-B90E-F99CB03DFC44}
	EndProjectSection
EndProject
Project("{8BC9CEB8-8B4A-11D0-8D11-00A0C91BC942}") = "WebApp", "WebApp\WebApp.vcproj", "{B797917B-6842-467C-8B14-E00B76A91247}"
	ProjectSection(ProjectDependencies) = postProject
		{F7334B1B-0EFA-47E3-8E66-DF158E61B7E4} = {F7334B1B-0EFA-47E3-8E66-DF158E61B7E4}
		{A82ADC7D-4DA4-42F2-9BF6-DF5DCFB44425} = {A82ADC7D-4DA4-42F2-9BF6-DF5DCFB44425}
		{5287A594-4D4F-43FE-A281-E279AB708CF1} = {5287A594-4D4F-43FE-A281-E279AB708CF1}
		{D954DAAC-E305-40CE-B3F3-C229A0BEF4F0} = {D954DAAC-E305-40CE-B3F3-C229A0BEF4F0}
	EndProjectSection
EndProject
Project("{8BC9CEB8-8B4A-11D0-8D11-00A0C91BC942}") = "FastCgiAgent", "FastCgiAgent\FastCgiAgent.vcproj", "{9DD27E51-E427-48D9-859E-4A5E56854867}"
	ProjectSection(ProjectDependencies) = postProject
		{795B1B0E-4EC8-469D-B641-E26324266FBF} = {795B1B0E-4EC8-469D-B641-E26324266FBF}
		{78619D0E-D3F9-4DDF-B90E-F99CB03DFC44} = {78619D0E-D3F9-4DDF-B90E-F99CB03DFC44}
		{F7334B1B-0EFA-47E3-8E66-DF158E61B7E4} = {F7334B1B-0EFA-47E3-8E66-DF158E61B7E4}
		{A82ADC7D-4DA4-42F2-9BF6-DF5DCFB44425} = {A82ADC7D-4DA4-42F2-9BF6-DF5DCFB44425}
		{5287A594-4D4F-43FE-A281-E279AB708CF1} = {5287A594-4D4F-43FE-A281-E279AB708CF1}
	EndProjectSection
EndProject
Project("{8BC9CEB8-8B4A-11D0-8D11-00A0C91BC942}") = "PostBuild", "PostBuild\PostBuild.vcproj", "{F486B768-640A-445D-8C09-437C896EFFAD}"
	ProjectSection(ProjectDependencies) = postProject
		{795B1B0E-4EC8-469D-B641-E26324266FBF} = {795B1B0E-4EC8-469D-B641-E26324266FBF}
		{78619D0E-D3F9-4DDF-B90E-F99CB03DFC44} = {78619D0E-D3F9-4DDF-B90E-F99CB03DFC44}
		{F7334B1B-0EFA-47E3-8E66-DF158E61B7E4} = {F7334B1B-0EFA-47E3-8E66-DF158E61B7E4}
		{9DD27E51-E427-48D9-859E-4A5E56854867} = {9DD27E51-E427-48D9-859E-4A5E56854867}
		{0D09DB57-3E55-4D53-A111-6BCF71C49002} = {0D09DB57-3E55-4D53-A111-6BCF71C49002}
		{B797917B-6842-467C-8B14-E00B76A91247} = {B797917B-6842-467C-8B14-E00B76A91247}
		{A82ADC7D-4DA4-42F2-9BF6-DF5DCFB44425} = {A82ADC7D-4DA4-42F2-9BF6-DF5DCFB44425}
		{5287A594-4D4F-43FE-A281-E279AB708CF1} = {5287A594-4D4F-43FE-A281-E279AB708CF1}
		{D954DAAC-E305-40CE-B3F3-C229A0BEF4F0} = {D954DAAC-E305-40CE-B3F3-C229A0BEF4F0}
	EndProjectSection
EndProject
Project("{8BC9CEB8-8B4A-11D0-8D11-00A0C91BC942}") = "MgWS_ISAPI", "MgWS_ISAPI\MgWS_ISAPI.vcproj", "{53F5EB07-E72E-49BD-89B4-F9239C98B579}"
	ProjectSection(ProjectDependencies) = postProject
		{795B1B0E-4EC8-469D-B641-E26324266FBF} = {795B1B0E-4EC8-469D-B641-E26324266FBF}
		{78619D0E-D3F9-4DDF-B90E-F99CB03DFC44} = {78619D0E-D3F9-4DDF-B90E-F99CB03DFC44}
		{2B330513-DB4A-41B4-8BA3-7F504788DE8C} = {2B330513-DB4A-41B4-8BA3-7F504788DE8C}
		{F7334B1B-0EFA-47E3-8E66-DF158E61B7E4} = {F7334B1B-0EFA-47E3-8E66-DF158E61B7E4}
		{2E11E332-CF38-4C8E-999A-29935A63AA89} = {2E11E332-CF38-4C8E-999A-29935A63AA89}
		{B797917B-6842-467C-8B14-E00B76A91247} = {B797917B-6842-467C-8B14-E00B76A91247}
		{A82ADC7D-4DA4-42F2-9BF6-DF5DCFB44425} = {A82ADC7D-4DA4-42F2-9BF6-DF5DCFB44425}
		{5287A594-4D4F-43FE-A281-E279AB708CF1} = {5287A594-4D4F-43FE-A281-E279AB708CF1}
	EndProjectSection
EndProject
Project("{8BC9CEB8-8B4A-11D0-8D11-00A0C91BC942}") = "MapAgentCommon", "MapAgentCommon\MapAgentCommon.vcproj", "{2E11E332-CF38-4C8E-999A-29935A63AA89}"
EndProject
Project("{8BC9CEB8-8B4A-11D0-8D11-00A0C91BC942}") = "unittest", "unittest\unittest.vcproj", "{C77BBDCA-5000-47BF-A7B2-0633095A17F5}"
	ProjectSection(ProjectDependencies) = postProject
		{2B330513-DB4A-41B4-8BA3-7F504788DE8C} = {2B330513-DB4A-41B4-8BA3-7F504788DE8C}
		{AAF627DB-B074-4D1F-9713-E74A995F43F1} = {AAF627DB-B074-4D1F-9713-E74A995F43F1}
		{48ED1CDE-5AF5-4445-A7DD-EAEF6DE0B801} = {48ED1CDE-5AF5-4445-A7DD-EAEF6DE0B801}
	EndProjectSection
EndProject
Project("{8BC9CEB8-8B4A-11D0-8D11-00A0C91BC942}") = "libctemplate", "..\..\..\..\..\ctemplate\ctemplate-0.92\vsprojects\libctemplate\libctemplate.vcproj", "{FB27FBDB-E6C0-4D00-A7F8-1EEEF1B48ABC}"
EndProject
Project("{2150E333-8FDC-42A3-9474-1A3956D46DE8}") = "MG 2.1", "MG 2.1", "{C4383EA6-7265-4D64-A0EB-CAFA3C12DAFE}"
EndProject
Project("{8BC9CEB8-8B4A-11D0-8D11-00A0C91BC942}") = "PlatformBase", "..\..\..\..\..\..\MapGuideSVN\branches\2.1\MgDev\Common\PlatformBase\PlatformBase.vcproj", "{F7334B1B-0EFA-47E3-8E66-DF158E61B7E4}"
EndProject
Project("{8BC9CEB8-8B4A-11D0-8D11-00A0C91BC942}") = "MapGuideCommon", "..\..\..\..\..\..\MapGuideSVN\branches\2.1\MgDev\Common\MapGuideCommon\MapGuideCommon.vcproj", "{5287A594-4D4F-43FE-A281-E279AB708CF1}"
EndProject
Project("{8BC9CEB8-8B4A-11D0-8D11-00A0C91BC942}") = "Foundation", "..\..\..\..\..\..\MapGuideSVN\branches\2.1\MgDev\Common\Foundation\Foundation.vcproj", "{A82ADC7D-4DA4-42F2-9BF6-DF5DCFB44425}"
EndProject
Project("{8BC9CEB8-8B4A-11D0-8D11-00A0C91BC942}") = "Geometry", "..\..\..\..\..\..\MapGuideSVN\branches\2.1\MgDev\Common\Geometry\Geometry.vcproj", "{D954DAAC-E305-40CE-B3F3-C229A0BEF4F0}"
EndProject
Project("{8BC9CEB8-8B4A-11D0-8D11-00A0C91BC942}") = "GeoRestCommon", "GeoRestCommon\GeoRestCommon.vcproj", "{FDF3D962-1D1F-4852-BC5A-F5EDDC87A6A2}"
EndProject
Project("{8BC9CEB8-8B4A-11D0-8D11-00A0C91BC942}") = "GeoRestFetchUri", "GeoRestFetchUri\GeoRestFetchUri.vcproj", "{D9FA3D09-A6F5-4C4E-BF59-641F79C932E2}"
	ProjectSection(ProjectDependencies) = postProject
		{2B330513-DB4A-41B4-8BA3-7F504788DE8C} = {2B330513-DB4A-41B4-8BA3-7F504788DE8C}
		{FDF3D962-1D1F-4852-BC5A-F5EDDC87A6A2} = {FDF3D962-1D1F-4852-BC5A-F5EDDC87A6A2}
	EndProjectSection
EndProject
Project("{8BC9CEB8-8B4A-11D0-8D11-00A0C91BC942}") = "GeoRestHttpServer", "GeoRestHttpServer\GeoRestHttpServer.vcproj", "{957115F4-A86E-4858-8A1C-222C711BE176}"
	ProjectSection(ProjectDependencies) = postProject
		{48ED1CDE-5AF5-4445-A7DD-EAEF6DE0B801} = {48ED1CDE-5AF5-4445-A7DD-EAEF6DE0B801}
	EndProjectSection
EndProject
Project("{8BC9CEB8-8B4A-11D0-8D11-00A0C91BC942}") = "GeoRestHttpServerDLL", "GeoRestHttpServerDLL\GeoRestHttpServerDll.vcproj", "{48ED1CDE-5AF5-4445-A7DD-EAEF6DE0B801}"
	ProjectSection(ProjectDependencies) = postProject
		{2B330513-DB4A-41B4-8BA3-7F504788DE8C} = {2B330513-DB4A-41B4-8BA3-7F504788DE8C}
		{AAF627DB-B074-4D1F-9713-E74A995F43F1} = {AAF627DB-B074-4D1F-9713-E74A995F43F1}
	EndProjectSection
EndProject
Project("{8BC9CEB8-8B4A-11D0-8D11-00A0C91BC942}") = "GeoRestRequestHandler", "GeoRestRequestHandler\GeoRestRequestHandler.vcproj", "{AAF627DB-B074-4D1F-9713-E74A995F43F1}"
	ProjectSection(ProjectDependencies) = postProject
		{D9FA3D09-A6F5-4C4E-BF59-641F79C932E2} = {D9FA3D09-A6F5-4C4E-BF59-641F79C932E2}
		{2B330513-DB4A-41B4-8BA3-7F504788DE8C} = {2B330513-DB4A-41B4-8BA3-7F504788DE8C}
		{FDF3D962-1D1F-4852-BC5A-F5EDDC87A6A2} = {FDF3D962-1D1F-4852-BC5A-F5EDDC87A6A2}
	EndProjectSection
EndProject
Project("{8BC9CEB8-8B4A-11D0-8D11-00A0C91BC942}") = "GeoRestServiceConfig", "GeoRestServiceConfig\GeoRestServiceConfig.vcproj", "{2B330513-DB4A-41B4-8BA3-7F504788DE8C}"
EndProject
Project("{8BC9CEB8-8B4A-11D0-8D11-00A0C91BC942}") = "GeoRest_ISAPI", "GeoRest_ISAPI\GeoRest_ISAPI.vcproj", "{3B88CD71-AA0B-41E0-B129-EAD819A2BD0C}"
	ProjectSection(ProjectDependencies) = postProject
		{D9FA3D09-A6F5-4C4E-BF59-641F79C932E2} = {D9FA3D09-A6F5-4C4E-BF59-641F79C932E2}
		{2B330513-DB4A-41B4-8BA3-7F504788DE8C} = {2B330513-DB4A-41B4-8BA3-7F504788DE8C}
		{FDF3D962-1D1F-4852-BC5A-F5EDDC87A6A2} = {FDF3D962-1D1F-4852-BC5A-F5EDDC87A6A2}
		{AAF627DB-B074-4D1F-9713-E74A995F43F1} = {AAF627DB-B074-4D1F-9713-E74A995F43F1}
	EndProjectSection
EndProject
Project("{8BC9CEB8-8B4A-11D0-8D11-00A0C91BC942}") = "GeoRestEasyConf", "GeoRestEasyConf\GeoRestEasyConf.vcproj", "{04B2938B-DD2F-442C-AB7F-040697CD58FC}"
EndProject
Global
	GlobalSection(SolutionConfigurationPlatforms) = preSolution
		Debug.2.1-3891|Win32 = Debug.2.1-3891|Win32
		Debug.2.1-3891|x64 = Debug.2.1-3891|x64
		Debug.Ent2010|Win32 = Debug.Ent2010|Win32
		Debug.Ent2010|x64 = Debug.Ent2010|x64
		Debug|Win32 = Debug|Win32
		Debug|x64 = Debug|x64
		Release|Win32 = Release|Win32
		Release|x64 = Release|x64
	EndGlobalSection
	GlobalSection(ProjectConfigurationPlatforms) = postSolution
		{795B1B0E-4EC8-469D-B641-E26324266FBF}.Debug.2.1-3891|Win32.ActiveCfg = Debug|Win32
		{795B1B0E-4EC8-469D-B641-E26324266FBF}.Debug.2.1-3891|x64.ActiveCfg = Debug|Win32
		{795B1B0E-4EC8-469D-B641-E26324266FBF}.Debug.Ent2010|Win32.ActiveCfg = Debug|Win32
		{795B1B0E-4EC8-469D-B641-E26324266FBF}.Debug.Ent2010|x64.ActiveCfg = Debug|Win32
		{795B1B0E-4EC8-469D-B641-E26324266FBF}.Debug|Win32.ActiveCfg = Debug|Win32
		{795B1B0E-4EC8-469D-B641-E26324266FBF}.Debug|x64.ActiveCfg = Debug|Win32
		{795B1B0E-4EC8-469D-B641-E26324266FBF}.Release|Win32.ActiveCfg = Release|Win32
		{795B1B0E-4EC8-469D-B641-E26324266FBF}.Release|x64.ActiveCfg = Release|Win32
		{78619D0E-D3F9-4DDF-B90E-F99CB03DFC44}.Debug.2.1-3891|Win32.ActiveCfg = Debug|Win32
		{78619D0E-D3F9-4DDF-B90E-F99CB03DFC44}.Debug.2.1-3891|x64.ActiveCfg = Debug|Win32
		{78619D0E-D3F9-4DDF-B90E-F99CB03DFC44}.Debug.Ent2010|Win32.ActiveCfg = Debug|Win32
		{78619D0E-D3F9-4DDF-B90E-F99CB03DFC44}.Debug.Ent2010|x64.ActiveCfg = Debug|Win32
		{78619D0E-D3F9-4DDF-B90E-F99CB03DFC44}.Debug|Win32.ActiveCfg = Debug|Win32
		{78619D0E-D3F9-4DDF-B90E-F99CB03DFC44}.Debug|x64.ActiveCfg = Debug|Win32
		{78619D0E-D3F9-4DDF-B90E-F99CB03DFC44}.Release|Win32.ActiveCfg = Release|Win32
		{78619D0E-D3F9-4DDF-B90E-F99CB03DFC44}.Release|x64.ActiveCfg = Release|Win32
		{0D09DB57-3E55-4D53-A111-6BCF71C49002}.Debug.2.1-3891|Win32.ActiveCfg = Debug|Win32
		{0D09DB57-3E55-4D53-A111-6BCF71C49002}.Debug.2.1-3891|x64.ActiveCfg = Debug|Win32
		{0D09DB57-3E55-4D53-A111-6BCF71C49002}.Debug.Ent2010|Win32.ActiveCfg = Debug|Win32
		{0D09DB57-3E55-4D53-A111-6BCF71C49002}.Debug.Ent2010|x64.ActiveCfg = Debug|Win32
		{0D09DB57-3E55-4D53-A111-6BCF71C49002}.Debug|Win32.ActiveCfg = Debug|Win32
		{0D09DB57-3E55-4D53-A111-6BCF71C49002}.Debug|x64.ActiveCfg = Debug|Win32
		{0D09DB57-3E55-4D53-A111-6BCF71C49002}.Release|Win32.ActiveCfg = Release|Win32
		{0D09DB57-3E55-4D53-A111-6BCF71C49002}.Release|x64.ActiveCfg = Release|Win32
		{B797917B-6842-467C-8B14-E00B76A91247}.Debug.2.1-3891|Win32.ActiveCfg = Debug|Win32
		{B797917B-6842-467C-8B14-E00B76A91247}.Debug.2.1-3891|x64.ActiveCfg = Debug|Win32
		{B797917B-6842-467C-8B14-E00B76A91247}.Debug.Ent2010|Win32.ActiveCfg = Debug|Win32
		{B797917B-6842-467C-8B14-E00B76A91247}.Debug.Ent2010|x64.ActiveCfg = Debug|Win32
		{B797917B-6842-467C-8B14-E00B76A91247}.Debug|Win32.ActiveCfg = Debug|Win32
		{B797917B-6842-467C-8B14-E00B76A91247}.Debug|x64.ActiveCfg = Debug|Win32
		{B797917B-6842-467C-8B14-E00B76A91247}.Release|Win32.ActiveCfg = Release|Win32
		{B797917B-6842-467C-8B14-E00B76A91247}.Release|x64.ActiveCfg = Release|Win32
		{9DD27E51-E427-48D9-859E-4A5E56854867}.Debug.2.1-3891|Win32.ActiveCfg = Debug|Win32
		{9DD27E51-E427-48D9-859E-4A5E56854867}.Debug.2.1-3891|x64.ActiveCfg = Debug|Win32
		{9DD27E51-E427-48D9-859E-4A5E56854867}.Debug.Ent2010|Win32.ActiveCfg = Debug|Win32
		{9DD27E51-E427-48D9-859E-4A5E56854867}.Debug.Ent2010|x64.ActiveCfg = Debug|Win32
		{9DD27E51-E427-48D9-859E-4A5E56854867}.Debug|Win32.ActiveCfg = Debug|Win32
		{9DD27E51-E427-48D9-859E-4A5E56854867}.Debug|x64.ActiveCfg = Debug|Win32
		{9DD27E51-E427-48D9-859E-4A5E56854867}.Release|Win32.ActiveCfg = Release|Win32
		{9DD27E51-E427-48D9-859E-4A5E56854867}.Release|x64.ActiveCfg = Release|Win32
		{F486B768-640A-445D-8C09-437C896EFFAD}.Debug.2.1-3891|Win32.ActiveCfg = Debug|Win32
		{F486B768-640A-445D-8C09-437C896EFFAD}.Debug.2.1-3891|x64.ActiveCfg = Debug|Win32
		{F486B768-640A-445D-8C09-437C896EFFAD}.Debug.Ent2010|Win32.ActiveCfg = Debug|Win32
		{F486B768-640A-445D-8C09-437C896EFFAD}.Debug.Ent2010|x64.ActiveCfg = Debug|Win32
		{F486B768-640A-445D-8C09-437C896EFFAD}.Debug|Win32.ActiveCfg = Debug|Win32
		{F486B768-640A-445D-8C09-437C896EFFAD}.Debug|x64.ActiveCfg = Debug|Win32
		{F486B768-640A-445D-8C09-437C896EFFAD}.Release|Win32.ActiveCfg = Release|Win32
		{F486B768-640A-445D-8C09-437C896EFFAD}.Release|x64.ActiveCfg = Release|Win32
		{53F5EB07-E72E-49BD-89B4-F9239C98B579}.Debug.2.1-3891|Win32.ActiveCfg = Debug|Win32
		{53F5EB07-E72E-49BD-89B4-F9239C98B579}.Debug.2.1-3891|x64.ActiveCfg = Debug|Win32
		{53F5EB07-E72E-49BD-89B4-F9239C98B579}.Debug.Ent2010|Win32.ActiveCfg = Debug|Win32
		{53F5EB07-E72E-49BD-89B4-F9239C98B579}.Debug.Ent2010|x64.ActiveCfg = Debug|Win32
		{53F5EB07-E72E-49BD-89B4-F9239C98B579}.Debug|Win32.ActiveCfg = Debug|Win32
		{53F5EB07-E72E-49BD-89B4-F9239C98B579}.Debug|x64.ActiveCfg = Debug|Win32
		{53F5EB07-E72E-49BD-89B4-F9239C98B579}.Release|Win32.ActiveCfg = Release|Win32
		{53F5EB07-E72E-49BD-89B4-F9239C98B579}.Release|x64.ActiveCfg = Release|Win32
		{2E11E332-CF38-4C8E-999A-29935A63AA89}.Debug.2.1-3891|Win32.ActiveCfg = Debug|Win32
		{2E11E332-CF38-4C8E-999A-29935A63AA89}.Debug.2.1-3891|x64.ActiveCfg = Debug|Win32
		{2E11E332-CF38-4C8E-999A-29935A63AA89}.Debug.Ent2010|Win32.ActiveCfg = Debug|Win32
		{2E11E332-CF38-4C8E-999A-29935A63AA89}.Debug.Ent2010|x64.ActiveCfg = Debug|Win32
		{2E11E332-CF38-4C8E-999A-29935A63AA89}.Debug|Win32.ActiveCfg = Debug|Win32
		{2E11E332-CF38-4C8E-999A-29935A63AA89}.Debug|x64.ActiveCfg = Debug|Win32
		{2E11E332-CF38-4C8E-999A-29935A63AA89}.Release|Win32.ActiveCfg = Release|Win32
		{2E11E332-CF38-4C8E-999A-29935A63AA89}.Release|x64.ActiveCfg = Release|Win32
		{C77BBDCA-5000-47BF-A7B2-0633095A17F5}.Debug.2.1-3891|Win32.ActiveCfg = Debug|Win32
		{C77BBDCA-5000-47BF-A7B2-0633095A17F5}.Debug.2.1-3891|x64.ActiveCfg = Debug|Win32
		{C77BBDCA-5000-47BF-A7B2-0633095A17F5}.Debug.Ent2010|Win32.ActiveCfg = Debug|Win32
		{C77BBDCA-5000-47BF-A7B2-0633095A17F5}.Debug.Ent2010|x64.ActiveCfg = Debug|Win32
		{C77BBDCA-5000-47BF-A7B2-0633095A17F5}.Debug|Win32.ActiveCfg = Debug|Win32
		{C77BBDCA-5000-47BF-A7B2-0633095A17F5}.Debug|Win32.Build.0 = Debug|Win32
		{C77BBDCA-5000-47BF-A7B2-0633095A17F5}.Debug|x64.ActiveCfg = Debug|Win32
		{C77BBDCA-5000-47BF-A7B2-0633095A17F5}.Release|Win32.ActiveCfg = Release|Win32
		{C77BBDCA-5000-47BF-A7B2-0633095A17F5}.Release|Win32.Build.0 = Release|Win32
		{C77BBDCA-5000-47BF-A7B2-0633095A17F5}.Release|x64.ActiveCfg = Release|Win32
		{FB27FBDB-E6C0-4D00-A7F8-1EEEF1B48ABC}.Debug.2.1-3891|Win32.ActiveCfg = Debug|Win32
		{FB27FBDB-E6C0-4D00-A7F8-1EEEF1B48ABC}.Debug.2.1-3891|x64.ActiveCfg = Debug|Win32
		{FB27FBDB-E6C0-4D00-A7F8-1EEEF1B48ABC}.Debug.Ent2010|Win32.ActiveCfg = Debug|Win32
		{FB27FBDB-E6C0-4D00-A7F8-1EEEF1B48ABC}.Debug.Ent2010|x64.ActiveCfg = Debug|Win32
		{FB27FBDB-E6C0-4D00-A7F8-1EEEF1B48ABC}.Debug|Win32.ActiveCfg = Debug|Win32
		{FB27FBDB-E6C0-4D00-A7F8-1EEEF1B48ABC}.Debug|x64.ActiveCfg = Debug|Win32
		{FB27FBDB-E6C0-4D00-A7F8-1EEEF1B48ABC}.Release|Win32.ActiveCfg = Release|Win32
		{FB27FBDB-E6C0-4D00-A7F8-1EEEF1B48ABC}.Release|x64.ActiveCfg = Release|Win32
		{F7334B1B-0EFA-47E3-8E66-DF158E61B7E4}.Debug.2.1-3891|Win32.ActiveCfg = Debug|x64
		{F7334B1B-0EFA-47E3-8E66-DF158E61B7E4}.Debug.2.1-3891|x64.ActiveCfg = Debug|x64
		{F7334B1B-0EFA-47E3-8E66-DF158E61B7E4}.Debug.Ent2010|Win32.ActiveCfg = Debug|Win32
		{F7334B1B-0EFA-47E3-8E66-DF158E61B7E4}.Debug.Ent2010|x64.ActiveCfg = Debug|Win32
		{F7334B1B-0EFA-47E3-8E66-DF158E61B7E4}.Debug|Win32.ActiveCfg = Debug|Win32
		{F7334B1B-0EFA-47E3-8E66-DF158E61B7E4}.Debug|x64.ActiveCfg = Debug|x64
		{F7334B1B-0EFA-47E3-8E66-DF158E61B7E4}.Debug|x64.Build.0 = Debug|x64
		{F7334B1B-0EFA-47E3-8E66-DF158E61B7E4}.Release|Win32.ActiveCfg = Release|Win32
		{F7334B1B-0EFA-47E3-8E66-DF158E61B7E4}.Release|x64.ActiveCfg = Release|x64
		{F7334B1B-0EFA-47E3-8E66-DF158E61B7E4}.Release|x64.Build.0 = Release|x64
		{5287A594-4D4F-43FE-A281-E279AB708CF1}.Debug.2.1-3891|Win32.ActiveCfg = Debug|x64
		{5287A594-4D4F-43FE-A281-E279AB708CF1}.Debug.2.1-3891|x64.ActiveCfg = Debug|x64
		{5287A594-4D4F-43FE-A281-E279AB708CF1}.Debug.Ent2010|Win32.ActiveCfg = Debug|Win32
		{5287A594-4D4F-43FE-A281-E279AB708CF1}.Debug.Ent2010|x64.ActiveCfg = Debug|Win32
		{5287A594-4D4F-43FE-A281-E279AB708CF1}.Debug|Win32.ActiveCfg = Debug|Win32
		{5287A594-4D4F-43FE-A281-E279AB708CF1}.Debug|x64.ActiveCfg = Debug|x64
		{5287A594-4D4F-43FE-A281-E279AB708CF1}.Debug|x64.Build.0 = Debug|x64
		{5287A594-4D4F-43FE-A281-E279AB708CF1}.Release|Win32.ActiveCfg = Release|Win32
		{5287A594-4D4F-43FE-A281-E279AB708CF1}.Release|x64.ActiveCfg = Release|x64
		{5287A594-4D4F-43FE-A281-E279AB708CF1}.Release|x64.Build.0 = Release|x64
		{A82ADC7D-4DA4-42F2-9BF6-DF5DCFB44425}.Debug.2.1-3891|Win32.ActiveCfg = Debug|x64
		{A82ADC7D-4DA4-42F2-9BF6-DF5DCFB44425}.Debug.2.1-3891|x64.ActiveCfg = Debug|x64
		{A82ADC7D-4DA4-42F2-9BF6-DF5DCFB44425}.Debug.Ent2010|Win32.ActiveCfg = Debug|Win32
		{A82ADC7D-4DA4-42F2-9BF6-DF5DCFB44425}.Debug.Ent2010|x64.ActiveCfg = Debug|Win32
		{A82ADC7D-4DA4-42F2-9BF6-DF5DCFB44425}.Debug|Win32.ActiveCfg = Debug|Win32
		{A82ADC7D-4DA4-42F2-9BF6-DF5DCFB44425}.Debug|x64.ActiveCfg = Debug|x64
		{A82ADC7D-4DA4-42F2-9BF6-DF5DCFB44425}.Debug|x64.Build.0 = Debug|x64
		{A82ADC7D-4DA4-42F2-9BF6-DF5DCFB44425}.Release|Win32.ActiveCfg = Release|Win32
		{A82ADC7D-4DA4-42F2-9BF6-DF5DCFB44425}.Release|x64.ActiveCfg = Release|x64
		{A82ADC7D-4DA4-42F2-9BF6-DF5DCFB44425}.Release|x64.Build.0 = Release|x64
		{D954DAAC-E305-40CE-B3F3-C229A0BEF4F0}.Debug.2.1-3891|Win32.ActiveCfg = Debug|x64
		{D954DAAC-E305-40CE-B3F3-C229A0BEF4F0}.Debug.2.1-3891|x64.ActiveCfg = Debug|x64
		{D954DAAC-E305-40CE-B3F3-C229A0BEF4F0}.Debug.Ent2010|Win32.ActiveCfg = Debug|Win32
		{D954DAAC-E305-40CE-B3F3-C229A0BEF4F0}.Debug.Ent2010|x64.ActiveCfg = Debug|Win32
		{D954DAAC-E305-40CE-B3F3-C229A0BEF4F0}.Debug|Win32.ActiveCfg = Debug|Win32
		{D954DAAC-E305-40CE-B3F3-C229A0BEF4F0}.Debug|x64.ActiveCfg = Debug|x64
		{D954DAAC-E305-40CE-B3F3-C229A0BEF4F0}.Debug|x64.Build.0 = Debug|x64
		{D954DAAC-E305-40CE-B3F3-C229A0BEF4F0}.Release|Win32.ActiveCfg = Release|Win32
		{D954DAAC-E305-40CE-B3F3-C229A0BEF4F0}.Release|x64.ActiveCfg = Release|x64
		{D954DAAC-E305-40CE-B3F3-C229A0BEF4F0}.Release|x64.Build.0 = Release|x64
		{FDF3D962-1D1F-4852-BC5A-F5EDDC87A6A2}.Debug.2.1-3891|Win32.ActiveCfg = Debug.2.1-3891|Win32
		{FDF3D962-1D1F-4852-BC5A-F5EDDC87A6A2}.Debug.2.1-3891|Win32.Build.0 = Debug.2.1-3891|Win32
		{FDF3D962-1D1F-4852-BC5A-F5EDDC87A6A2}.Debug.2.1-3891|x64.ActiveCfg = Debug.2.1-3891|Win32
		{FDF3D962-1D1F-4852-BC5A-F5EDDC87A6A2}.Debug.Ent2010|Win32.ActiveCfg = Debug.Ent2010|Win32
		{FDF3D962-1D1F-4852-BC5A-F5EDDC87A6A2}.Debug.Ent2010|Win32.Build.0 = Debug.Ent2010|Win32
		{FDF3D962-1D1F-4852-BC5A-F5EDDC87A6A2}.Debug.Ent2010|x64.ActiveCfg = Debug.Ent2010|Win32
		{FDF3D962-1D1F-4852-BC5A-F5EDDC87A6A2}.Debug|Win32.ActiveCfg = Debug|Win32
		{FDF3D962-1D1F-4852-BC5A-F5EDDC87A6A2}.Debug|Win32.Build.0 = Debug|Win32
		{FDF3D962-1D1F-4852-BC5A-F5EDDC87A6A2}.Debug|x64.ActiveCfg = Debug|Win32
		{FDF3D962-1D1F-4852-BC5A-F5EDDC87A6A2}.Release|Win32.ActiveCfg = Release|Win32
		{FDF3D962-1D1F-4852-BC5A-F5EDDC87A6A2}.Release|Win32.Build.0 = Release|Win32
		{FDF3D962-1D1F-4852-BC5A-F5EDDC87A6A2}.Release|x64.ActiveCfg = Release|Win32
		{D9FA3D09-A6F5-4C4E-BF59-641F79C932E2}.Debug.2.1-3891|Win32.ActiveCfg = Debug.2.1-3891|Win32
		{D9FA3D09-A6F5-4C4E-BF59-641F79C932E2}.Debug.2.1-3891|Win32.Build.0 = Debug.2.1-3891|Win32
		{D9FA3D09-A6F5-4C4E-BF59-641F79C932E2}.Debug.2.1-3891|x64.ActiveCfg = Debug.2.1-3891|Win32
		{D9FA3D09-A6F5-4C4E-BF59-641F79C932E2}.Debug.Ent2010|Win32.ActiveCfg = Debug.Ent2010|Win32
		{D9FA3D09-A6F5-4C4E-BF59-641F79C932E2}.Debug.Ent2010|Win32.Build.0 = Debug.Ent2010|Win32
		{D9FA3D09-A6F5-4C4E-BF59-641F79C932E2}.Debug.Ent2010|x64.ActiveCfg = Debug.Ent2010|Win32
		{D9FA3D09-A6F5-4C4E-BF59-641F79C932E2}.Debug|Win32.ActiveCfg = Debug|Win32
		{D9FA3D09-A6F5-4C4E-BF59-641F79C932E2}.Debug|Win32.Build.0 = Debug|Win32
		{D9FA3D09-A6F5-4C4E-BF59-641F79C932E2}.Debug|x64.ActiveCfg = Debug|Win32
		{D9FA3D09-A6F5-4C4E-BF59-641F79C932E2}.Release|Win32.ActiveCfg = Release|Win32
		{D9FA3D09-A6F5-4C4E-BF59-641F79C932E2}.Release|Win32.Build.0 = Release|Win32
		{D9FA3D09-A6F5-4C4E-BF59-641F79C932E2}.Release|x64.ActiveCfg = Release|Win32
		{957115F4-A86E-4858-8A1C-222C711BE176}.Debug.2.1-3891|Win32.ActiveCfg = Debug.2.1-3891|Win32
		{957115F4-A86E-4858-8A1C-222C711BE176}.Debug.2.1-3891|Win32.Build.0 = Debug.2.1-3891|Win32
		{957115F4-A86E-4858-8A1C-222C711BE176}.Debug.2.1-3891|x64.ActiveCfg = Debug.2.1-3891|Win32
		{957115F4-A86E-4858-8A1C-222C711BE176}.Debug.Ent2010|Win32.ActiveCfg = Debug.Ent2010|Win32
		{957115F4-A86E-4858-8A1C-222C711BE176}.Debug.Ent2010|Win32.Build.0 = Debug.Ent2010|Win32
		{957115F4-A86E-4858-8A1C-222C711BE176}.Debug.Ent2010|x64.ActiveCfg = Debug.Ent2010|Win32
		{957115F4-A86E-4858-8A1C-222C711BE176}.Debug|Win32.ActiveCfg = Debug|Win32
		{957115F4-A86E-4858-8A1C-222C711BE176}.Debug|Win32.Build.0 = Debug|Win32
		{957115F4-A86E-4858-8A1C-222C711BE176}.Debug|x64.ActiveCfg = Debug|Win32
		{957115F4-A86E-4858-8A1C-222C711BE176}.Release|Win32.ActiveCfg = Release|Win32
		{957115F4-A86E-4858-8A1C-222C711BE176}.Release|Win32.Build.0 = Release|Win32
		{957115F4-A86E-4858-8A1C-222C711BE176}.Release|x64.ActiveCfg = Release|Win32
		{48ED1CDE-5AF5-4445-A7DD-EAEF6DE0B801}.Debug.2.1-3891|Win32.ActiveCfg = Debug.2.1-3891|Win32
		{48ED1CDE-5AF5-4445-A7DD-EAEF6DE0B801}.Debug.2.1-3891|Win32.Build.0 = Debug.2.1-3891|Win32
		{48ED1CDE-5AF5-4445-A7DD-EAEF6DE0B801}.Debug.2.1-3891|x64.ActiveCfg = Debug.2.1-3891|Win32
		{48ED1CDE-5AF5-4445-A7DD-EAEF6DE0B801}.Debug.Ent2010|Win32.ActiveCfg = Debug.Ent2010|Win32
		{48ED1CDE-5AF5-4445-A7DD-EAEF6DE0B801}.Debug.Ent2010|Win32.Build.0 = Debug.Ent2010|Win32
		{48ED1CDE-5AF5-4445-A7DD-EAEF6DE0B801}.Debug.Ent2010|x64.ActiveCfg = Debug.Ent2010|Win32
		{48ED1CDE-5AF5-4445-A7DD-EAEF6DE0B801}.Debug|Win32.ActiveCfg = Debug|Win32
		{48ED1CDE-5AF5-4445-A7DD-EAEF6DE0B801}.Debug|Win32.Build.0 = Debug|Win32
		{48ED1CDE-5AF5-4445-A7DD-EAEF6DE0B801}.Debug|x64.ActiveCfg = Debug|Win32
		{48ED1CDE-5AF5-4445-A7DD-EAEF6DE0B801}.Release|Win32.ActiveCfg = Release|Win32
		{48ED1CDE-5AF5-4445-A7DD-EAEF6DE0B801}.Release|Win32.Build.0 = Release|Win32
		{48ED1CDE-5AF5-4445-A7DD-EAEF6DE0B801}.Release|x64.ActiveCfg = Release|Win32
		{AAF627DB-B074-4D1F-9713-E74A995F43F1}.Debug.2.1-3891|Win32.ActiveCfg = Debug.2.1-3891|Win32
		{AAF627DB-B074-4D1F-9713-E74A995F43F1}.Debug.2.1-3891|Win32.Build.0 = Debug.2.1-3891|Win32
		{AAF627DB-B074-4D1F-9713-E74A995F43F1}.Debug.2.1-3891|x64.ActiveCfg = Debug.2.1-3891|Win32
		{AAF627DB-B074-4D1F-9713-E74A995F43F1}.Debug.Ent2010|Win32.ActiveCfg = Debug.Ent2010|Win32
		{AAF627DB-B074-4D1F-9713-E74A995F43F1}.Debug.Ent2010|Win32.Build.0 = Debug.Ent2010|Win32
		{AAF627DB-B074-4D1F-9713-E74A995F43F1}.Debug.Ent2010|x64.ActiveCfg = Debug.Ent2010|Win32
		{AAF627DB-B074-4D1F-9713-E74A995F43F1}.Debug|Win32.ActiveCfg = Debug|Win32
		{AAF627DB-B074-4D1F-9713-E74A995F43F1}.Debug|Win32.Build.0 = Debug|Win32
		{AAF627DB-B074-4D1F-9713-E74A995F43F1}.Debug|x64.ActiveCfg = Debug|Win32
		{AAF627DB-B074-4D1F-9713-E74A995F43F1}.Release|Win32.ActiveCfg = Release|Win32
		{AAF627DB-B074-4D1F-9713-E74A995F43F1}.Release|Win32.Build.0 = Release|Win32
		{AAF627DB-B074-4D1F-9713-E74A995F43F1}.Release|x64.ActiveCfg = Release|Win32
		{2B330513-DB4A-41B4-8BA3-7F504788DE8C}.Debug.2.1-3891|Win32.ActiveCfg = Debug.2.1-3891|Win32
		{2B330513-DB4A-41B4-8BA3-7F504788DE8C}.Debug.2.1-3891|Win32.Build.0 = Debug.2.1-3891|Win32
		{2B330513-DB4A-41B4-8BA3-7F504788DE8C}.Debug.2.1-3891|x64.ActiveCfg = Debug.2.1-3891|Win32
		{2B330513-DB4A-41B4-8BA3-7F504788DE8C}.Debug.Ent2010|Win32.ActiveCfg = Debug.Ent2010|Win32
		{2B330513-DB4A-41B4-8BA3-7F504788DE8C}.Debug.Ent2010|Win32.Build.0 = Debug.Ent2010|Win32
		{2B330513-DB4A-41B4-8BA3-7F504788DE8C}.Debug.Ent2010|x64.ActiveCfg = Debug.Ent2010|Win32
		{2B330513-DB4A-41B4-8BA3-7F504788DE8C}.Debug|Win32.ActiveCfg = Debug|Win32
		{2B330513-DB4A-41B4-8BA3-7F504788DE8C}.Debug|Win32.Build.0 = Debug|Win32
		{2B330513-DB4A-41B4-8BA3-7F504788DE8C}.Debug|x64.ActiveCfg = Debug|Win32
		{2B330513-DB4A-41B4-8BA3-7F504788DE8C}.Release|Win32.ActiveCfg = Release|Win32
		{2B330513-DB4A-41B4-8BA3-7F504788DE8C}.Release|Win32.Build.0 = Release|Win32
		{2B330513-DB4A-41B4-8BA3-7F504788DE8C}.Release|x64.ActiveCfg = Release|Win32
		{3B88CD71-AA0B-41E0-B129-EAD819A2BD0C}.Debug.2.1-3891|Win32.ActiveCfg = Debug.2.1-3891|Win32
		{3B88CD71-AA0B-41E0-B129-EAD819A2BD0C}.Debug.2.1-3891|Win32.Build.0 = Debug.2.1-3891|Win32
		{3B88CD71-AA0B-41E0-B129-EAD819A2BD0C}.Debug.2.1-3891|x64.ActiveCfg = Debug.2.1-3891|Win32
		{3B88CD71-AA0B-41E0-B129-EAD819A2BD0C}.Debug.Ent2010|Win32.ActiveCfg = Debug.Ent2010|Win32
		{3B88CD71-AA0B-41E0-B129-EAD819A2BD0C}.Debug.Ent2010|Win32.Build.0 = Debug.Ent2010|Win32
		{3B88CD71-AA0B-41E0-B129-EAD819A2BD0C}.Debug.Ent2010|x64.ActiveCfg = Debug.Ent2010|Win32
		{3B88CD71-AA0B-41E0-B129-EAD819A2BD0C}.Debug|Win32.ActiveCfg = Debug|Win32
		{3B88CD71-AA0B-41E0-B129-EAD819A2BD0C}.Debug|Win32.Build.0 = Debug|Win32
		{3B88CD71-AA0B-41E0-B129-EAD819A2BD0C}.Debug|x64.ActiveCfg = Debug|Win32
		{3B88CD71-AA0B-41E0-B129-EAD819A2BD0C}.Release|Win32.ActiveCfg = Release|Win32
		{3B88CD71-AA0B-41E0-B129-EAD819A2BD0C}.Release|Win32.Build.0 = Release|Win32
		{3B88CD71-AA0B-41E0-B129-EAD819A2BD0C}.Release|x64.ActiveCfg = Release|Win32
		{04B2938B-DD2F-442C-AB7F-040697CD58FC}.Debug.2.1-3891|Win32.ActiveCfg = Debug.2.1-3891|Win32
		{04B2938B-DD2F-442C-AB7F-040697CD58FC}.Debug.2.1-3891|Win32.Build.0 = Debug.2.1-3891|Win32
		{04B2938B-DD2F-442C-AB7F-040697CD58FC}.Debug.2.1-3891|x64.ActiveCfg = Debug.2.1-3891|Win32
		{04B2938B-DD2F-442C-AB7F-040697CD58FC}.Debug.Ent2010|Win32.ActiveCfg = Debug.Ent2010|Win32
		{04B2938B-DD2F-442C-AB7F-040697CD58FC}.Debug.Ent2010|Win32.Build.0 = Debug.Ent2010|Win32
		{04B2938B-DD2F-442C-AB7F-040697CD58FC}.Debug.Ent2010|x64.ActiveCfg = Debug.Ent2010|Win32
		{04B2938B-DD2F-442C-AB7F-040697CD58FC}.Debug|Win32.ActiveCfg = Debug|Win32
		{04B2938B-DD2F-442C-AB7F-040697CD58FC}.Debug|Win32.Build.0 = Debug|Win32
		{04B2938B-DD2F-442C-AB7F-040697CD58FC}.Debug|x64.ActiveCfg = Debug|Win32
		{04B2938B-DD2F-442C-AB7F-040697CD58FC}.Release|Win32.ActiveCfg = Release|Win32
		{04B2938B-DD2F-442C-AB7F-040697CD58FC}.Release|Win32.Build.0 = Release|Win32
		{04B2938B-DD2F-442C-AB7F-040697CD58FC}.Release|x64.ActiveCfg = Release|Win32
	EndGlobalSection
	GlobalSection(SolutionProperties) = preSolution
		HideSolutionNode = FALSE
	EndGlobalSection
	GlobalSection(NestedProjects) = preSolution
		{C77BBDCA-5000-47BF-A7B2-0633095A17F5} = {8B7A713D-A1B7-4341-B41E-99676C486010}
		{FDF3D962-1D1F-4852-BC5A-F5EDDC87A6A2} = {8B7A713D-A1B7-4341-B41E-99676C486010}
		{D9FA3D09-A6F5-4C4E-BF59-641F79C932E2} = {8B7A713D-A1B7-4341-B41E-99676C486010}
		{957115F4-A86E-4858-8A1C-222C711BE176} = {8B7A713D-A1B7-4341-B41E-99676C486010}
		{48ED1CDE-5AF5-4445-A7DD-EAEF6DE0B801} = {8B7A713D-A1B7-4341-B41E-99676C486010}
		{AAF627DB-B074-4D1F-9713-E74A995F43F1} = {8B7A713D-A1B7-4341-B41E-99676C486010}
		{2B330513-DB4A-41B4-8BA3-7F504788DE8C} = {8B7A713D-A1B7-4341-B41E-99676C486010}
		{3B88CD71-AA0B-41E0-B129-EAD819A2BD0C} = {8B7A713D-A1B7-4341-B41E-99676C486010}
		{04B2938B-DD2F-442C-AB7F-040697CD58FC} = {8B7A713D-A1B7-4341-B41E-99676C486010}
		{F7334B1B-0EFA-47E3-8E66-DF158E61B7E4} = {C4383EA6-7265-4D64-A0EB-CAFA3C12DAFE}
		{5287A594-4D4F-43FE-A281-E279AB708CF1} = {C4383EA6-7265-4D64-A0EB-CAFA3C12DAFE}
		{A82ADC7D-4DA4-42F2-9BF6-DF5DCFB44425} = {C4383EA6-7265-4D64-A0EB-CAFA3C12DAFE}
		{D954DAAC-E305-40CE-B3F3-C229A0BEF4F0} = {C4383EA6-7265-4D64-A0EB-CAFA3C12DAFE}
	EndGlobalSection
EndGlobal
