Microsoft Visual Studio Solution File, Format Version 10.00
# Visual Studio 2008
Project("{8BC9CEB8-8B4A-11D0-8D11-00A0C91BC942}") = "unittest", "unittest\unittest.vcproj", "{C77BBDCA-5000-47BF-A7B2-0633095A17F5}"
	ProjectSection(ProjectDependencies) = postProject
		{2B330513-DB4A-41B4-8BA3-7F504788DE8C} = {2B330513-DB4A-41B4-8BA3-7F504788DE8C}
		{AAF627DB-B074-4D1F-9713-E74A995F43F1} = {AAF627DB-B074-4D1F-9713-E74A995F43F1}
		{48ED1CDE-5AF5-4445-A7DD-EAEF6DE0B801} = {48ED1CDE-5AF5-4445-A7DD-EAEF6DE0B801}
	EndProjectSection
EndProject
Project("{8BC9CEB8-8B4A-11D0-8D11-00A0C91BC942}") = "GeoRestCommon", "GeoRestCommon\GeoRestCommon.vcproj", "{FDF3D962-1D1F-4852-BC5A-F5EDDC87A6A2}"
EndProject
Project("{8BC9CEB8-8B4A-11D0-8D11-00A0C91BC942}") = "GeoRestFetchUri", "GeoRestFetchUri\GeoRestFetchUri.vcproj", "{D9FA3D09-A6F5-4C4E-BF59-641F79C932E2}"
	ProjectSection(ProjectDependencies) = postProject
		{2B330513-DB4A-41B4-8BA3-7F504788DE8C} = {2B330513-DB4A-41B4-8BA3-7F504788DE8C}
		{FDF3D962-1D1F-4852-BC5A-F5EDDC87A6A2} = {FDF3D962-1D1F-4852-BC5A-F5EDDC87A6A2}
	EndProjectSection
EndProject
Project("{8BC9CEB8-8B4A-11D0-8D11-00A0C91BC942}") = "GeoRestHttpServer", "GeoRestHttpServer\GeoRestHttpServer.vcproj", "{957115F4-A86E-4858-8A1C-222C711BE176}"
	ProjectSection(ProjectDependencies) = postProject
		{48ED1CDE-5AF5-4445-A7DD-EAEF6DE0B801} = {48ED1CDE-5AF5-4445-A7DD-EAEF6DE0B801}
	EndProjectSection
EndProject
Project("{8BC9CEB8-8B4A-11D0-8D11-00A0C91BC942}") = "GeoRestHttpServerDLL", "GeoRestHttpServerDLL\GeoRestHttpServerDll.vcproj", "{48ED1CDE-5AF5-4445-A7DD-EAEF6DE0B801}"
	ProjectSection(ProjectDependencies) = postProject
		{2B330513-DB4A-41B4-8BA3-7F504788DE8C} = {2B330513-DB4A-41B4-8BA3-7F504788DE8C}
		{AAF627DB-B074-4D1F-9713-E74A995F43F1} = {AAF627DB-B074-4D1F-9713-E74A995F43F1}
	EndProjectSection
EndProject
Project("{8BC9CEB8-8B4A-11D0-8D11-00A0C91BC942}") = "GeoRestRequestHandler", "GeoRestRequestHandler\GeoRestRequestHandler.vcproj", "{AAF627DB-B074-4D1F-9713-E74A995F43F1}"
	ProjectSection(ProjectDependencies) = postProject
		{D9FA3D09-A6F5-4C4E-BF59-641F79C932E2} = {D9FA3D09-A6F5-4C4E-BF59-641F79C932E2}
		{2B330513-DB4A-41B4-8BA3-7F504788DE8C} = {2B330513-DB4A-41B4-8BA3-7F504788DE8C}
		{FDF3D962-1D1F-4852-BC5A-F5EDDC87A6A2} = {FDF3D962-1D1F-4852-BC5A-F5EDDC87A6A2}
	EndProjectSection
EndProject
Project("{8BC9CEB8-8B4A-11D0-8D11-00A0C91BC942}") = "GeoRestServiceConfig", "GeoRestServiceConfig\GeoRestServiceConfig.vcproj", "{2B330513-DB4A-41B4-8BA3-7F504788DE8C}"
EndProject
Project("{8BC9CEB8-8B4A-11D0-8D11-00A0C91BC942}") = "GeoRest_ISAPI", "GeoRest_ISAPI\GeoRest_ISAPI.vcproj", "{3B88CD71-AA0B-41E0-B129-EAD819A2BD0C}"
	ProjectSection(ProjectDependencies) = postProject
		{D9FA3D09-A6F5-4C4E-BF59-641F79C932E2} = {D9FA3D09-A6F5-4C4E-BF59-641F79C932E2}
		{2B330513-DB4A-41B4-8BA3-7F504788DE8C} = {2B330513-DB4A-41B4-8BA3-7F504788DE8C}
		{FDF3D962-1D1F-4852-BC5A-F5EDDC87A6A2} = {FDF3D962-1D1F-4852-BC5A-F5EDDC87A6A2}
		{AAF627DB-B074-4D1F-9713-E74A995F43F1} = {AAF627DB-B074-4D1F-9713-E74A995F43F1}
	EndProjectSection
EndProject
Project("{8BC9CEB8-8B4A-11D0-8D11-00A0C91BC942}") = "GeoRestEasyConf", "GeoRestEasyConf\GeoRestEasyConf.vcproj", "{04B2938B-DD2F-442C-AB7F-040697CD58FC}"
	ProjectSection(ProjectDependencies) = postProject
		{D9FA3D09-A6F5-4C4E-BF59-641F79C932E2} = {D9FA3D09-A6F5-4C4E-BF59-641F79C932E2}
		{2B330513-DB4A-41B4-8BA3-7F504788DE8C} = {2B330513-DB4A-41B4-8BA3-7F504788DE8C}
		{FDF3D962-1D1F-4852-BC5A-F5EDDC87A6A2} = {FDF3D962-1D1F-4852-BC5A-F5EDDC87A6A2}
	EndProjectSection
EndProject
Project("{8BC9CEB8-8B4A-11D0-8D11-00A0C91BC942}") = "GeoRestCGI", "GeoRestCGI\GeoRestCGI.vcproj", "{809163AE-3A53-4248-A126-0C0996BD10A2}"
	ProjectSection(ProjectDependencies) = postProject
		{AAF627DB-B074-4D1F-9713-E74A995F43F1} = {AAF627DB-B074-4D1F-9713-E74A995F43F1}
	EndProjectSection
EndProject
Global
	GlobalSection(SubversionScc) = preSolution
		Svn-Managed = True
		Manager = AnkhSVN - Subversion Support for Visual Studio
	EndGlobalSection
	GlobalSection(SolutionConfigurationPlatforms) = preSolution
		Debug.Ent2010|Win32 = Debug.Ent2010|Win32
		Debug.Ent2010|x64 = Debug.Ent2010|x64
		Debug.Ent2011|Win32 = Debug.Ent2011|Win32
		Debug.Ent2011|x64 = Debug.Ent2011|x64
		Debug.MgOs2.2|Win32 = Debug.MgOs2.2|Win32
		Debug.MgOs2.2|x64 = Debug.MgOs2.2|x64
		Debug|Win32 = Debug|Win32
		Debug|x64 = Debug|x64
		Release.Ent2010|Win32 = Release.Ent2010|Win32
		Release.Ent2010|x64 = Release.Ent2010|x64
		Release.Ent2011|Win32 = Release.Ent2011|Win32
		Release.Ent2011|x64 = Release.Ent2011|x64
		Release.Ent2012|Win32 = Release.Ent2012|Win32
		Release.Ent2012|x64 = Release.Ent2012|x64
		Release.MgOs2.1|Win32 = Release.MgOs2.1|Win32
		Release.MgOs2.1|x64 = Release.MgOs2.1|x64
		Release.MgOs2.2|Win32 = Release.MgOs2.2|Win32
		Release.MgOs2.2|x64 = Release.MgOs2.2|x64
		Release|Win32 = Release|Win32
		Release|x64 = Release|x64
	EndGlobalSection
	GlobalSection(ProjectConfigurationPlatforms) = postSolution
		{C77BBDCA-5000-47BF-A7B2-0633095A17F5}.Debug.Ent2010|Win32.ActiveCfg = Debug|Win32
		{C77BBDCA-5000-47BF-A7B2-0633095A17F5}.Debug.Ent2010|x64.ActiveCfg = Debug|x64
		{C77BBDCA-5000-47BF-A7B2-0633095A17F5}.Debug.Ent2010|x64.Build.0 = Debug|x64
		{C77BBDCA-5000-47BF-A7B2-0633095A17F5}.Debug.Ent2011|Win32.ActiveCfg = Debug|Win32
		{C77BBDCA-5000-47BF-A7B2-0633095A17F5}.Debug.Ent2011|x64.ActiveCfg = Debug|x64
		{C77BBDCA-5000-47BF-A7B2-0633095A17F5}.Debug.Ent2011|x64.Build.0 = Debug|x64
		{C77BBDCA-5000-47BF-A7B2-0633095A17F5}.Debug.MgOs2.2|Win32.ActiveCfg = Debug.MgOs2.2|Win32
		{C77BBDCA-5000-47BF-A7B2-0633095A17F5}.Debug.MgOs2.2|Win32.Build.0 = Debug.MgOs2.2|Win32
		{C77BBDCA-5000-47BF-A7B2-0633095A17F5}.Debug.MgOs2.2|x64.ActiveCfg = Debug.MgOs2.2|x64
		{C77BBDCA-5000-47BF-A7B2-0633095A17F5}.Debug.MgOs2.2|x64.Build.0 = Debug.MgOs2.2|x64
		{C77BBDCA-5000-47BF-A7B2-0633095A17F5}.Debug|Win32.ActiveCfg = Debug|Win32
		{C77BBDCA-5000-47BF-A7B2-0633095A17F5}.Debug|Win32.Build.0 = Debug|Win32
		{C77BBDCA-5000-47BF-A7B2-0633095A17F5}.Debug|x64.ActiveCfg = Debug|x64
		{C77BBDCA-5000-47BF-A7B2-0633095A17F5}.Debug|x64.Build.0 = Debug|x64
		{C77BBDCA-5000-47BF-A7B2-0633095A17F5}.Release.Ent2010|Win32.ActiveCfg = Release.Ent2010|Win32
		{C77BBDCA-5000-47BF-A7B2-0633095A17F5}.Release.Ent2010|x64.ActiveCfg = Release.Ent2010|x64
		{C77BBDCA-5000-47BF-A7B2-0633095A17F5}.Release.Ent2010|x64.Build.0 = Release.Ent2010|x64
		{C77BBDCA-5000-47BF-A7B2-0633095A17F5}.Release.Ent2011|Win32.ActiveCfg = Release|Win32
		{C77BBDCA-5000-47BF-A7B2-0633095A17F5}.Release.Ent2011|x64.ActiveCfg = Release.Ent2010|x64
		{C77BBDCA-5000-47BF-A7B2-0633095A17F5}.Release.Ent2011|x64.Build.0 = Release.Ent2010|x64
		{C77BBDCA-5000-47BF-A7B2-0633095A17F5}.Release.Ent2012|Win32.ActiveCfg = Release|Win32
		{C77BBDCA-5000-47BF-A7B2-0633095A17F5}.Release.Ent2012|x64.ActiveCfg = Release.Ent2010|x64
		{C77BBDCA-5000-47BF-A7B2-0633095A17F5}.Release.Ent2012|x64.Build.0 = Release.Ent2010|x64
		{C77BBDCA-5000-47BF-A7B2-0633095A17F5}.Release.MgOs2.1|Win32.ActiveCfg = Release.MgOs2.1|Win32
		{C77BBDCA-5000-47BF-A7B2-0633095A17F5}.Release.MgOs2.1|Win32.Build.0 = Release.MgOs2.1|Win32
		{C77BBDCA-5000-47BF-A7B2-0633095A17F5}.Release.MgOs2.1|x64.ActiveCfg = Release.MgOs2.1|x64
		{C77BBDCA-5000-47BF-A7B2-0633095A17F5}.Release.MgOs2.1|x64.Build.0 = Release.MgOs2.1|x64
		{C77BBDCA-5000-47BF-A7B2-0633095A17F5}.Release.MgOs2.2|Win32.ActiveCfg = Release.MgOs2.2|Win32
		{C77BBDCA-5000-47BF-A7B2-0633095A17F5}.Release.MgOs2.2|Win32.Build.0 = Release.MgOs2.2|Win32
		{C77BBDCA-5000-47BF-A7B2-0633095A17F5}.Release.MgOs2.2|x64.ActiveCfg = Release.MgOs2.2|x64
		{C77BBDCA-5000-47BF-A7B2-0633095A17F5}.Release.MgOs2.2|x64.Build.0 = Release.MgOs2.2|x64
		{C77BBDCA-5000-47BF-A7B2-0633095A17F5}.Release|Win32.ActiveCfg = Release|Win32
		{C77BBDCA-5000-47BF-A7B2-0633095A17F5}.Release|Win32.Build.0 = Release|Win32
		{C77BBDCA-5000-47BF-A7B2-0633095A17F5}.Release|x64.ActiveCfg = Release|x64
		{C77BBDCA-5000-47BF-A7B2-0633095A17F5}.Release|x64.Build.0 = Release|x64
		{FDF3D962-1D1F-4852-BC5A-F5EDDC87A6A2}.Debug.Ent2010|Win32.ActiveCfg = Debug.Ent2010|Win32
		{FDF3D962-1D1F-4852-BC5A-F5EDDC87A6A2}.Debug.Ent2010|Win32.Build.0 = Debug.Ent2010|Win32
		{FDF3D962-1D1F-4852-BC5A-F5EDDC87A6A2}.Debug.Ent2010|x64.ActiveCfg = Debug.Ent2010|x64
		{FDF3D962-1D1F-4852-BC5A-F5EDDC87A6A2}.Debug.Ent2010|x64.Build.0 = Debug.Ent2010|x64
		{FDF3D962-1D1F-4852-BC5A-F5EDDC87A6A2}.Debug.Ent2011|Win32.ActiveCfg = Debug.Ent2011|Win32
		{FDF3D962-1D1F-4852-BC5A-F5EDDC87A6A2}.Debug.Ent2011|Win32.Build.0 = Debug.Ent2011|Win32
		{FDF3D962-1D1F-4852-BC5A-F5EDDC87A6A2}.Debug.Ent2011|x64.ActiveCfg = Debug.Ent2011|x64
		{FDF3D962-1D1F-4852-BC5A-F5EDDC87A6A2}.Debug.Ent2011|x64.Build.0 = Debug.Ent2011|x64
		{FDF3D962-1D1F-4852-BC5A-F5EDDC87A6A2}.Debug.MgOs2.2|Win32.ActiveCfg = Debug.MgOs2.2|Win32
		{FDF3D962-1D1F-4852-BC5A-F5EDDC87A6A2}.Debug.MgOs2.2|Win32.Build.0 = Debug.MgOs2.2|Win32
		{FDF3D962-1D1F-4852-BC5A-F5EDDC87A6A2}.Debug.MgOs2.2|x64.ActiveCfg = Debug.MgOs2.2|x64
		{FDF3D962-1D1F-4852-BC5A-F5EDDC87A6A2}.Debug.MgOs2.2|x64.Build.0 = Debug.MgOs2.2|x64
		{FDF3D962-1D1F-4852-BC5A-F5EDDC87A6A2}.Debug|Win32.ActiveCfg = Debug|Win32
		{FDF3D962-1D1F-4852-BC5A-F5EDDC87A6A2}.Debug|Win32.Build.0 = Debug|Win32
		{FDF3D962-1D1F-4852-BC5A-F5EDDC87A6A2}.Debug|x64.ActiveCfg = Debug|x64
		{FDF3D962-1D1F-4852-BC5A-F5EDDC87A6A2}.Debug|x64.Build.0 = Debug|x64
		{FDF3D962-1D1F-4852-BC5A-F5EDDC87A6A2}.Release.Ent2010|Win32.ActiveCfg = Release.Ent2010|Win32
		{FDF3D962-1D1F-4852-BC5A-F5EDDC87A6A2}.Release.Ent2010|Win32.Build.0 = Release.Ent2010|Win32
		{FDF3D962-1D1F-4852-BC5A-F5EDDC87A6A2}.Release.Ent2010|x64.ActiveCfg = Release.Ent2010|x64
		{FDF3D962-1D1F-4852-BC5A-F5EDDC87A6A2}.Release.Ent2010|x64.Build.0 = Release.Ent2010|x64
		{FDF3D962-1D1F-4852-BC5A-F5EDDC87A6A2}.Release.Ent2011|Win32.ActiveCfg = Release.Ent2011|Win32
		{FDF3D962-1D1F-4852-BC5A-F5EDDC87A6A2}.Release.Ent2011|Win32.Build.0 = Release.Ent2011|Win32
		{FDF3D962-1D1F-4852-BC5A-F5EDDC87A6A2}.Release.Ent2011|x64.ActiveCfg = Release.Ent2011|x64
		{FDF3D962-1D1F-4852-BC5A-F5EDDC87A6A2}.Release.Ent2011|x64.Build.0 = Release.Ent2011|x64
		{FDF3D962-1D1F-4852-BC5A-F5EDDC87A6A2}.Release.Ent2012|Win32.ActiveCfg = Release.Ent2012|Win32
		{FDF3D962-1D1F-4852-BC5A-F5EDDC87A6A2}.Release.Ent2012|Win32.Build.0 = Release.Ent2012|Win32
		{FDF3D962-1D1F-4852-BC5A-F5EDDC87A6A2}.Release.Ent2012|x64.ActiveCfg = Release.Ent2012|x64
		{FDF3D962-1D1F-4852-BC5A-F5EDDC87A6A2}.Release.Ent2012|x64.Build.0 = Release.Ent2012|x64
		{FDF3D962-1D1F-4852-BC5A-F5EDDC87A6A2}.Release.MgOs2.1|Win32.ActiveCfg = Release.MgOs2.1|Win32
		{FDF3D962-1D1F-4852-BC5A-F5EDDC87A6A2}.Release.MgOs2.1|Win32.Build.0 = Release.MgOs2.1|Win32
		{FDF3D962-1D1F-4852-BC5A-F5EDDC87A6A2}.Release.MgOs2.1|x64.ActiveCfg = Release.MgOs2.1|x64
		{FDF3D962-1D1F-4852-BC5A-F5EDDC87A6A2}.Release.MgOs2.1|x64.Build.0 = Release.MgOs2.1|x64
		{FDF3D962-1D1F-4852-BC5A-F5EDDC87A6A2}.Release.MgOs2.2|Win32.ActiveCfg = Release.MgOs2.2|Win32
		{FDF3D962-1D1F-4852-BC5A-F5EDDC87A6A2}.Release.MgOs2.2|Win32.Build.0 = Release.MgOs2.2|Win32
		{FDF3D962-1D1F-4852-BC5A-F5EDDC87A6A2}.Release.MgOs2.2|x64.ActiveCfg = Release.MgOs2.2|x64
		{FDF3D962-1D1F-4852-BC5A-F5EDDC87A6A2}.Release.MgOs2.2|x64.Build.0 = Release.MgOs2.2|x64
		{FDF3D962-1D1F-4852-BC5A-F5EDDC87A6A2}.Release|Win32.ActiveCfg = Release|Win32
		{FDF3D962-1D1F-4852-BC5A-F5EDDC87A6A2}.Release|Win32.Build.0 = Release|Win32
		{FDF3D962-1D1F-4852-BC5A-F5EDDC87A6A2}.Release|x64.ActiveCfg = Release|x64
		{FDF3D962-1D1F-4852-BC5A-F5EDDC87A6A2}.Release|x64.Build.0 = Release|x64
		{D9FA3D09-A6F5-4C4E-BF59-641F79C932E2}.Debug.Ent2010|Win32.ActiveCfg = Debug.Ent2010|Win32
		{D9FA3D09-A6F5-4C4E-BF59-641F79C932E2}.Debug.Ent2010|Win32.Build.0 = Debug.Ent2010|Win32
		{D9FA3D09-A6F5-4C4E-BF59-641F79C932E2}.Debug.Ent2010|x64.ActiveCfg = Debug.Ent2010|x64
		{D9FA3D09-A6F5-4C4E-BF59-641F79C932E2}.Debug.Ent2010|x64.Build.0 = Debug.Ent2010|x64
		{D9FA3D09-A6F5-4C4E-BF59-641F79C932E2}.Debug.Ent2011|Win32.ActiveCfg = Debug.Ent2011|Win32
		{D9FA3D09-A6F5-4C4E-BF59-641F79C932E2}.Debug.Ent2011|Win32.Build.0 = Debug.Ent2011|Win32
		{D9FA3D09-A6F5-4C4E-BF59-641F79C932E2}.Debug.Ent2011|x64.ActiveCfg = Debug.Ent2011|x64
		{D9FA3D09-A6F5-4C4E-BF59-641F79C932E2}.Debug.Ent2011|x64.Build.0 = Debug.Ent2011|x64
		{D9FA3D09-A6F5-4C4E-BF59-641F79C932E2}.Debug.MgOs2.2|Win32.ActiveCfg = Debug.MgOs2.2|Win32
		{D9FA3D09-A6F5-4C4E-BF59-641F79C932E2}.Debug.MgOs2.2|Win32.Build.0 = Debug.MgOs2.2|Win32
		{D9FA3D09-A6F5-4C4E-BF59-641F79C932E2}.Debug.MgOs2.2|x64.ActiveCfg = Debug.MgOs2.2|x64
		{D9FA3D09-A6F5-4C4E-BF59-641F79C932E2}.Debug.MgOs2.2|x64.Build.0 = Debug.MgOs2.2|x64
		{D9FA3D09-A6F5-4C4E-BF59-641F79C932E2}.Debug|Win32.ActiveCfg = Debug|Win32
		{D9FA3D09-A6F5-4C4E-BF59-641F79C932E2}.Debug|Win32.Build.0 = Debug|Win32
		{D9FA3D09-A6F5-4C4E-BF59-641F79C932E2}.Debug|x64.ActiveCfg = Debug|x64
		{D9FA3D09-A6F5-4C4E-BF59-641F79C932E2}.Debug|x64.Build.0 = Debug|x64
		{D9FA3D09-A6F5-4C4E-BF59-641F79C932E2}.Release.Ent2010|Win32.ActiveCfg = Release.Ent2010|Win32
		{D9FA3D09-A6F5-4C4E-BF59-641F79C932E2}.Release.Ent2010|Win32.Build.0 = Release.Ent2010|Win32
		{D9FA3D09-A6F5-4C4E-BF59-641F79C932E2}.Release.Ent2010|x64.ActiveCfg = Release.Ent2010|x64
		{D9FA3D09-A6F5-4C4E-BF59-641F79C932E2}.Release.Ent2010|x64.Build.0 = Release.Ent2010|x64
		{D9FA3D09-A6F5-4C4E-BF59-641F79C932E2}.Release.Ent2011|Win32.ActiveCfg = Release.Ent2011|Win32
		{D9FA3D09-A6F5-4C4E-BF59-641F79C932E2}.Release.Ent2011|Win32.Build.0 = Release.Ent2011|Win32
		{D9FA3D09-A6F5-4C4E-BF59-641F79C932E2}.Release.Ent2011|x64.ActiveCfg = Release.Ent2011|x64
		{D9FA3D09-A6F5-4C4E-BF59-641F79C932E2}.Release.Ent2011|x64.Build.0 = Release.Ent2011|x64
		{D9FA3D09-A6F5-4C4E-BF59-641F79C932E2}.Release.Ent2012|Win32.ActiveCfg = Release.Ent2012|Win32
		{D9FA3D09-A6F5-4C4E-BF59-641F79C932E2}.Release.Ent2012|Win32.Build.0 = Release.Ent2012|Win32
		{D9FA3D09-A6F5-4C4E-BF59-641F79C932E2}.Release.Ent2012|x64.ActiveCfg = Release.Ent2012|x64
		{D9FA3D09-A6F5-4C4E-BF59-641F79C932E2}.Release.Ent2012|x64.Build.0 = Release.Ent2012|x64
		{D9FA3D09-A6F5-4C4E-BF59-641F79C932E2}.Release.MgOs2.1|Win32.ActiveCfg = Release.MgOs2.1|Win32
		{D9FA3D09-A6F5-4C4E-BF59-641F79C932E2}.Release.MgOs2.1|Win32.Build.0 = Release.MgOs2.1|Win32
		{D9FA3D09-A6F5-4C4E-BF59-641F79C932E2}.Release.MgOs2.1|x64.ActiveCfg = Release.MgOs2.1|x64
		{D9FA3D09-A6F5-4C4E-BF59-641F79C932E2}.Release.MgOs2.1|x64.Build.0 = Release.MgOs2.1|x64
		{D9FA3D09-A6F5-4C4E-BF59-641F79C932E2}.Release.MgOs2.2|Win32.ActiveCfg = Release.MgOs2.2|Win32
		{D9FA3D09-A6F5-4C4E-BF59-641F79C932E2}.Release.MgOs2.2|Win32.Build.0 = Release.MgOs2.2|Win32
		{D9FA3D09-A6F5-4C4E-BF59-641F79C932E2}.Release.MgOs2.2|x64.ActiveCfg = Release.MgOs2.2|x64
		{D9FA3D09-A6F5-4C4E-BF59-641F79C932E2}.Release.MgOs2.2|x64.Build.0 = Release.MgOs2.2|x64
		{D9FA3D09-A6F5-4C4E-BF59-641F79C932E2}.Release|Win32.ActiveCfg = Release|Win32
		{D9FA3D09-A6F5-4C4E-BF59-641F79C932E2}.Release|Win32.Build.0 = Release|Win32
		{D9FA3D09-A6F5-4C4E-BF59-641F79C932E2}.Release|x64.ActiveCfg = Release|x64
		{D9FA3D09-A6F5-4C4E-BF59-641F79C932E2}.Release|x64.Build.0 = Release|x64
		{957115F4-A86E-4858-8A1C-222C711BE176}.Debug.Ent2010|Win32.ActiveCfg = Debug.Ent2010|Win32
		{957115F4-A86E-4858-8A1C-222C711BE176}.Debug.Ent2010|Win32.Build.0 = Debug.Ent2010|Win32
		{957115F4-A86E-4858-8A1C-222C711BE176}.Debug.Ent2010|x64.ActiveCfg = Debug.Ent2010|x64
		{957115F4-A86E-4858-8A1C-222C711BE176}.Debug.Ent2010|x64.Build.0 = Debug.Ent2010|x64
		{957115F4-A86E-4858-8A1C-222C711BE176}.Debug.Ent2011|Win32.ActiveCfg = Debug.Ent2011|Win32
		{957115F4-A86E-4858-8A1C-222C711BE176}.Debug.Ent2011|Win32.Build.0 = Debug.Ent2011|Win32
		{957115F4-A86E-4858-8A1C-222C711BE176}.Debug.Ent2011|x64.ActiveCfg = Debug.Ent2011|x64
		{957115F4-A86E-4858-8A1C-222C711BE176}.Debug.Ent2011|x64.Build.0 = Debug.Ent2011|x64
		{957115F4-A86E-4858-8A1C-222C711BE176}.Debug.MgOs2.2|Win32.ActiveCfg = Debug.MgOs2.2|Win32
		{957115F4-A86E-4858-8A1C-222C711BE176}.Debug.MgOs2.2|Win32.Build.0 = Debug.MgOs2.2|Win32
		{957115F4-A86E-4858-8A1C-222C711BE176}.Debug.MgOs2.2|x64.ActiveCfg = Debug.MgOs2.2|x64
		{957115F4-A86E-4858-8A1C-222C711BE176}.Debug.MgOs2.2|x64.Build.0 = Debug.MgOs2.2|x64
		{957115F4-A86E-4858-8A1C-222C711BE176}.Debug|Win32.ActiveCfg = Debug|Win32
		{957115F4-A86E-4858-8A1C-222C711BE176}.Debug|Win32.Build.0 = Debug|Win32
		{957115F4-A86E-4858-8A1C-222C711BE176}.Debug|x64.ActiveCfg = Debug|x64
		{957115F4-A86E-4858-8A1C-222C711BE176}.Debug|x64.Build.0 = Debug|x64
		{957115F4-A86E-4858-8A1C-222C711BE176}.Release.Ent2010|Win32.ActiveCfg = Release.Ent2010|Win32
		{957115F4-A86E-4858-8A1C-222C711BE176}.Release.Ent2010|Win32.Build.0 = Release.Ent2010|Win32
		{957115F4-A86E-4858-8A1C-222C711BE176}.Release.Ent2010|x64.ActiveCfg = Release.Ent2010|x64
		{957115F4-A86E-4858-8A1C-222C711BE176}.Release.Ent2010|x64.Build.0 = Release.Ent2010|x64
		{957115F4-A86E-4858-8A1C-222C711BE176}.Release.Ent2011|Win32.ActiveCfg = Release.Ent2011|Win32
		{957115F4-A86E-4858-8A1C-222C711BE176}.Release.Ent2011|Win32.Build.0 = Release.Ent2011|Win32
		{957115F4-A86E-4858-8A1C-222C711BE176}.Release.Ent2011|x64.ActiveCfg = Release.Ent2011|x64
		{957115F4-A86E-4858-8A1C-222C711BE176}.Release.Ent2011|x64.Build.0 = Release.Ent2011|x64
		{957115F4-A86E-4858-8A1C-222C711BE176}.Release.Ent2012|Win32.ActiveCfg = Release.Ent2012|Win32
		{957115F4-A86E-4858-8A1C-222C711BE176}.Release.Ent2012|Win32.Build.0 = Release.Ent2012|Win32
		{957115F4-A86E-4858-8A1C-222C711BE176}.Release.Ent2012|x64.ActiveCfg = Release.Ent2012|x64
		{957115F4-A86E-4858-8A1C-222C711BE176}.Release.Ent2012|x64.Build.0 = Release.Ent2012|x64
		{957115F4-A86E-4858-8A1C-222C711BE176}.Release.MgOs2.1|Win32.ActiveCfg = Release.MgOs2.1|Win32
		{957115F4-A86E-4858-8A1C-222C711BE176}.Release.MgOs2.1|Win32.Build.0 = Release.MgOs2.1|Win32
		{957115F4-A86E-4858-8A1C-222C711BE176}.Release.MgOs2.1|x64.ActiveCfg = Release.MgOs2.1|x64
		{957115F4-A86E-4858-8A1C-222C711BE176}.Release.MgOs2.1|x64.Build.0 = Release.MgOs2.1|x64
		{957115F4-A86E-4858-8A1C-222C711BE176}.Release.MgOs2.2|Win32.ActiveCfg = Release.MgOs2.2|Win32
		{957115F4-A86E-4858-8A1C-222C711BE176}.Release.MgOs2.2|Win32.Build.0 = Release.MgOs2.2|Win32
		{957115F4-A86E-4858-8A1C-222C711BE176}.Release.MgOs2.2|x64.ActiveCfg = Release.MgOs2.2|x64
		{957115F4-A86E-4858-8A1C-222C711BE176}.Release.MgOs2.2|x64.Build.0 = Release.MgOs2.2|x64
		{957115F4-A86E-4858-8A1C-222C711BE176}.Release|Win32.ActiveCfg = Release|Win32
		{957115F4-A86E-4858-8A1C-222C711BE176}.Release|Win32.Build.0 = Release|Win32
		{957115F4-A86E-4858-8A1C-222C711BE176}.Release|x64.ActiveCfg = Release|x64
		{957115F4-A86E-4858-8A1C-222C711BE176}.Release|x64.Build.0 = Release|x64
		{48ED1CDE-5AF5-4445-A7DD-EAEF6DE0B801}.Debug.Ent2010|Win32.ActiveCfg = Debug.Ent2010|Win32
		{48ED1CDE-5AF5-4445-A7DD-EAEF6DE0B801}.Debug.Ent2010|Win32.Build.0 = Debug.Ent2010|Win32
		{48ED1CDE-5AF5-4445-A7DD-EAEF6DE0B801}.Debug.Ent2010|x64.ActiveCfg = Debug.Ent2010|x64
		{48ED1CDE-5AF5-4445-A7DD-EAEF6DE0B801}.Debug.Ent2010|x64.Build.0 = Debug.Ent2010|x64
		{48ED1CDE-5AF5-4445-A7DD-EAEF6DE0B801}.Debug.Ent2011|Win32.ActiveCfg = Debug.Ent2011|Win32
		{48ED1CDE-5AF5-4445-A7DD-EAEF6DE0B801}.Debug.Ent2011|Win32.Build.0 = Debug.Ent2011|Win32
		{48ED1CDE-5AF5-4445-A7DD-EAEF6DE0B801}.Debug.Ent2011|x64.ActiveCfg = Debug.Ent2011|x64
		{48ED1CDE-5AF5-4445-A7DD-EAEF6DE0B801}.Debug.Ent2011|x64.Build.0 = Debug.Ent2011|x64
		{48ED1CDE-5AF5-4445-A7DD-EAEF6DE0B801}.Debug.MgOs2.2|Win32.ActiveCfg = Debug.MgOs2.2|Win32
		{48ED1CDE-5AF5-4445-A7DD-EAEF6DE0B801}.Debug.MgOs2.2|Win32.Build.0 = Debug.MgOs2.2|Win32
		{48ED1CDE-5AF5-4445-A7DD-EAEF6DE0B801}.Debug.MgOs2.2|x64.ActiveCfg = Debug.MgOs2.2|x64
		{48ED1CDE-5AF5-4445-A7DD-EAEF6DE0B801}.Debug.MgOs2.2|x64.Build.0 = Debug.MgOs2.2|x64
		{48ED1CDE-5AF5-4445-A7DD-EAEF6DE0B801}.Debug|Win32.ActiveCfg = Debug|Win32
		{48ED1CDE-5AF5-4445-A7DD-EAEF6DE0B801}.Debug|Win32.Build.0 = Debug|Win32
		{48ED1CDE-5AF5-4445-A7DD-EAEF6DE0B801}.Debug|x64.ActiveCfg = Debug|x64
		{48ED1CDE-5AF5-4445-A7DD-EAEF6DE0B801}.Debug|x64.Build.0 = Debug|x64
		{48ED1CDE-5AF5-4445-A7DD-EAEF6DE0B801}.Release.Ent2010|Win32.ActiveCfg = Release.Ent2010|Win32
		{48ED1CDE-5AF5-4445-A7DD-EAEF6DE0B801}.Release.Ent2010|Win32.Build.0 = Release.Ent2010|Win32
		{48ED1CDE-5AF5-4445-A7DD-EAEF6DE0B801}.Release.Ent2010|x64.ActiveCfg = Release.Ent2010|x64
		{48ED1CDE-5AF5-4445-A7DD-EAEF6DE0B801}.Release.Ent2010|x64.Build.0 = Release.Ent2010|x64
		{48ED1CDE-5AF5-4445-A7DD-EAEF6DE0B801}.Release.Ent2011|Win32.ActiveCfg = Release.Ent2011|Win32
		{48ED1CDE-5AF5-4445-A7DD-EAEF6DE0B801}.Release.Ent2011|Win32.Build.0 = Release.Ent2011|Win32
		{48ED1CDE-5AF5-4445-A7DD-EAEF6DE0B801}.Release.Ent2011|x64.ActiveCfg = Release.Ent2011|x64
		{48ED1CDE-5AF5-4445-A7DD-EAEF6DE0B801}.Release.Ent2011|x64.Build.0 = Release.Ent2011|x64
		{48ED1CDE-5AF5-4445-A7DD-EAEF6DE0B801}.Release.Ent2012|Win32.ActiveCfg = Release.Ent2012|Win32
		{48ED1CDE-5AF5-4445-A7DD-EAEF6DE0B801}.Release.Ent2012|Win32.Build.0 = Release.Ent2012|Win32
		{48ED1CDE-5AF5-4445-A7DD-EAEF6DE0B801}.Release.Ent2012|x64.ActiveCfg = Release.Ent2012|x64
		{48ED1CDE-5AF5-4445-A7DD-EAEF6DE0B801}.Release.Ent2012|x64.Build.0 = Release.Ent2012|x64
		{48ED1CDE-5AF5-4445-A7DD-EAEF6DE0B801}.Release.MgOs2.1|Win32.ActiveCfg = Release.MgOs2.1|Win32
		{48ED1CDE-5AF5-4445-A7DD-EAEF6DE0B801}.Release.MgOs2.1|Win32.Build.0 = Release.MgOs2.1|Win32
		{48ED1CDE-5AF5-4445-A7DD-EAEF6DE0B801}.Release.MgOs2.1|x64.ActiveCfg = Release.MgOs2.1|x64
		{48ED1CDE-5AF5-4445-A7DD-EAEF6DE0B801}.Release.MgOs2.1|x64.Build.0 = Release.MgOs2.1|x64
		{48ED1CDE-5AF5-4445-A7DD-EAEF6DE0B801}.Release.MgOs2.2|Win32.ActiveCfg = Release.MgOs2.2|Win32
		{48ED1CDE-5AF5-4445-A7DD-EAEF6DE0B801}.Release.MgOs2.2|Win32.Build.0 = Release.MgOs2.2|Win32
		{48ED1CDE-5AF5-4445-A7DD-EAEF6DE0B801}.Release.MgOs2.2|x64.ActiveCfg = Release.MgOs2.2|x64
		{48ED1CDE-5AF5-4445-A7DD-EAEF6DE0B801}.Release.MgOs2.2|x64.Build.0 = Release.MgOs2.2|x64
		{48ED1CDE-5AF5-4445-A7DD-EAEF6DE0B801}.Release|Win32.ActiveCfg = Release|Win32
		{48ED1CDE-5AF5-4445-A7DD-EAEF6DE0B801}.Release|Win32.Build.0 = Release|Win32
		{48ED1CDE-5AF5-4445-A7DD-EAEF6DE0B801}.Release|x64.ActiveCfg = Release|x64
		{48ED1CDE-5AF5-4445-A7DD-EAEF6DE0B801}.Release|x64.Build.0 = Release|x64
		{AAF627DB-B074-4D1F-9713-E74A995F43F1}.Debug.Ent2010|Win32.ActiveCfg = Debug.Ent2010|Win32
		{AAF627DB-B074-4D1F-9713-E74A995F43F1}.Debug.Ent2010|Win32.Build.0 = Debug.Ent2010|Win32
		{AAF627DB-B074-4D1F-9713-E74A995F43F1}.Debug.Ent2010|x64.ActiveCfg = Debug.Ent2010|x64
		{AAF627DB-B074-4D1F-9713-E74A995F43F1}.Debug.Ent2010|x64.Build.0 = Debug.Ent2010|x64
		{AAF627DB-B074-4D1F-9713-E74A995F43F1}.Debug.Ent2011|Win32.ActiveCfg = Debug.Ent2011|Win32
		{AAF627DB-B074-4D1F-9713-E74A995F43F1}.Debug.Ent2011|Win32.Build.0 = Debug.Ent2011|Win32
		{AAF627DB-B074-4D1F-9713-E74A995F43F1}.Debug.Ent2011|x64.ActiveCfg = Debug.Ent2011|x64
		{AAF627DB-B074-4D1F-9713-E74A995F43F1}.Debug.Ent2011|x64.Build.0 = Debug.Ent2011|x64
		{AAF627DB-B074-4D1F-9713-E74A995F43F1}.Debug.MgOs2.2|Win32.ActiveCfg = Debug.MgOs2.2|Win32
		{AAF627DB-B074-4D1F-9713-E74A995F43F1}.Debug.MgOs2.2|Win32.Build.0 = Debug.MgOs2.2|Win32
		{AAF627DB-B074-4D1F-9713-E74A995F43F1}.Debug.MgOs2.2|x64.ActiveCfg = Debug.MgOs2.2|x64
		{AAF627DB-B074-4D1F-9713-E74A995F43F1}.Debug.MgOs2.2|x64.Build.0 = Debug.MgOs2.2|x64
		{AAF627DB-B074-4D1F-9713-E74A995F43F1}.Debug|Win32.ActiveCfg = Debug|Win32
		{AAF627DB-B074-4D1F-9713-E74A995F43F1}.Debug|Win32.Build.0 = Debug|Win32
		{AAF627DB-B074-4D1F-9713-E74A995F43F1}.Debug|x64.ActiveCfg = Debug|x64
		{AAF627DB-B074-4D1F-9713-E74A995F43F1}.Debug|x64.Build.0 = Debug|x64
		{AAF627DB-B074-4D1F-9713-E74A995F43F1}.Release.Ent2010|Win32.ActiveCfg = Release.Ent2010|Win32
		{AAF627DB-B074-4D1F-9713-E74A995F43F1}.Release.Ent2010|Win32.Build.0 = Release.Ent2010|Win32
		{AAF627DB-B074-4D1F-9713-E74A995F43F1}.Release.Ent2010|x64.ActiveCfg = Release.Ent2010|x64
		{AAF627DB-B074-4D1F-9713-E74A995F43F1}.Release.Ent2010|x64.Build.0 = Release.Ent2010|x64
		{AAF627DB-B074-4D1F-9713-E74A995F43F1}.Release.Ent2011|Win32.ActiveCfg = Release.Ent2011|Win32
		{AAF627DB-B074-4D1F-9713-E74A995F43F1}.Release.Ent2011|Win32.Build.0 = Release.Ent2011|Win32
		{AAF627DB-B074-4D1F-9713-E74A995F43F1}.Release.Ent2011|x64.ActiveCfg = Release.Ent2011|x64
		{AAF627DB-B074-4D1F-9713-E74A995F43F1}.Release.Ent2011|x64.Build.0 = Release.Ent2011|x64
		{AAF627DB-B074-4D1F-9713-E74A995F43F1}.Release.Ent2012|Win32.ActiveCfg = Release.Ent2012|Win32
		{AAF627DB-B074-4D1F-9713-E74A995F43F1}.Release.Ent2012|Win32.Build.0 = Release.Ent2012|Win32
		{AAF627DB-B074-4D1F-9713-E74A995F43F1}.Release.Ent2012|x64.ActiveCfg = Release.Ent2012|x64
		{AAF627DB-B074-4D1F-9713-E74A995F43F1}.Release.Ent2012|x64.Build.0 = Release.Ent2012|x64
		{AAF627DB-B074-4D1F-9713-E74A995F43F1}.Release.MgOs2.1|Win32.ActiveCfg = Release.MgOs2.1|Win32
		{AAF627DB-B074-4D1F-9713-E74A995F43F1}.Release.MgOs2.1|Win32.Build.0 = Release.MgOs2.1|Win32
		{AAF627DB-B074-4D1F-9713-E74A995F43F1}.Release.MgOs2.1|x64.ActiveCfg = Release.MgOs2.1|x64
		{AAF627DB-B074-4D1F-9713-E74A995F43F1}.Release.MgOs2.1|x64.Build.0 = Release.MgOs2.1|x64
		{AAF627DB-B074-4D1F-9713-E74A995F43F1}.Release.MgOs2.2|Win32.ActiveCfg = Release.MgOs2.2|Win32
		{AAF627DB-B074-4D1F-9713-E74A995F43F1}.Release.MgOs2.2|Win32.Build.0 = Release.MgOs2.2|Win32
		{AAF627DB-B074-4D1F-9713-E74A995F43F1}.Release.MgOs2.2|x64.ActiveCfg = Release.MgOs2.2|x64
		{AAF627DB-B074-4D1F-9713-E74A995F43F1}.Release.MgOs2.2|x64.Build.0 = Release.MgOs2.2|x64
		{AAF627DB-B074-4D1F-9713-E74A995F43F1}.Release|Win32.ActiveCfg = Release|Win32
		{AAF627DB-B074-4D1F-9713-E74A995F43F1}.Release|Win32.Build.0 = Release|Win32
		{AAF627DB-B074-4D1F-9713-E74A995F43F1}.Release|x64.ActiveCfg = Release|x64
		{AAF627DB-B074-4D1F-9713-E74A995F43F1}.Release|x64.Build.0 = Release|x64
		{2B330513-DB4A-41B4-8BA3-7F504788DE8C}.Debug.Ent2010|Win32.ActiveCfg = Debug.Ent2010|Win32
		{2B330513-DB4A-41B4-8BA3-7F504788DE8C}.Debug.Ent2010|Win32.Build.0 = Debug.Ent2010|Win32
		{2B330513-DB4A-41B4-8BA3-7F504788DE8C}.Debug.Ent2010|x64.ActiveCfg = Debug.Ent2010|x64
		{2B330513-DB4A-41B4-8BA3-7F504788DE8C}.Debug.Ent2010|x64.Build.0 = Debug.Ent2010|x64
		{2B330513-DB4A-41B4-8BA3-7F504788DE8C}.Debug.Ent2011|Win32.ActiveCfg = Debug.Ent2011|Win32
		{2B330513-DB4A-41B4-8BA3-7F504788DE8C}.Debug.Ent2011|Win32.Build.0 = Debug.Ent2011|Win32
		{2B330513-DB4A-41B4-8BA3-7F504788DE8C}.Debug.Ent2011|x64.ActiveCfg = Debug.Ent2011|x64
		{2B330513-DB4A-41B4-8BA3-7F504788DE8C}.Debug.Ent2011|x64.Build.0 = Debug.Ent2011|x64
		{2B330513-DB4A-41B4-8BA3-7F504788DE8C}.Debug.MgOs2.2|Win32.ActiveCfg = Debug.MgOs2.2|Win32
		{2B330513-DB4A-41B4-8BA3-7F504788DE8C}.Debug.MgOs2.2|x64.ActiveCfg = Debug.MgOs2.2|x64
		{2B330513-DB4A-41B4-8BA3-7F504788DE8C}.Debug|Win32.ActiveCfg = Debug|Win32
		{2B330513-DB4A-41B4-8BA3-7F504788DE8C}.Debug|x64.ActiveCfg = Debug|x64
		{2B330513-DB4A-41B4-8BA3-7F504788DE8C}.Debug|x64.Build.0 = Debug|x64
		{2B330513-DB4A-41B4-8BA3-7F504788DE8C}.Release.Ent2010|Win32.ActiveCfg = Release.Ent2010|Win32
		{2B330513-DB4A-41B4-8BA3-7F504788DE8C}.Release.Ent2010|Win32.Build.0 = Release.Ent2010|Win32
		{2B330513-DB4A-41B4-8BA3-7F504788DE8C}.Release.Ent2010|x64.ActiveCfg = Release.Ent2010|x64
		{2B330513-DB4A-41B4-8BA3-7F504788DE8C}.Release.Ent2010|x64.Build.0 = Release.Ent2010|x64
		{2B330513-DB4A-41B4-8BA3-7F504788DE8C}.Release.Ent2011|Win32.ActiveCfg = Release.Ent2011|Win32
		{2B330513-DB4A-41B4-8BA3-7F504788DE8C}.Release.Ent2011|Win32.Build.0 = Release.Ent2011|Win32
		{2B330513-DB4A-41B4-8BA3-7F504788DE8C}.Release.Ent2011|x64.ActiveCfg = Release.Ent2011|x64
		{2B330513-DB4A-41B4-8BA3-7F504788DE8C}.Release.Ent2011|x64.Build.0 = Release.Ent2011|x64
		{2B330513-DB4A-41B4-8BA3-7F504788DE8C}.Release.Ent2012|Win32.ActiveCfg = Release.Ent2012|Win32
		{2B330513-DB4A-41B4-8BA3-7F504788DE8C}.Release.Ent2012|Win32.Build.0 = Release.Ent2012|Win32
		{2B330513-DB4A-41B4-8BA3-7F504788DE8C}.Release.Ent2012|x64.ActiveCfg = Release.Ent2012|x64
		{2B330513-DB4A-41B4-8BA3-7F504788DE8C}.Release.Ent2012|x64.Build.0 = Release.Ent2012|x64
		{2B330513-DB4A-41B4-8BA3-7F504788DE8C}.Release.MgOs2.1|Win32.ActiveCfg = Release.MgOs2.1|Win32
		{2B330513-DB4A-41B4-8BA3-7F504788DE8C}.Release.MgOs2.1|Win32.Build.0 = Release.MgOs2.1|Win32
		{2B330513-DB4A-41B4-8BA3-7F504788DE8C}.Release.MgOs2.1|x64.ActiveCfg = Release.MgOs2.1|x64
		{2B330513-DB4A-41B4-8BA3-7F504788DE8C}.Release.MgOs2.1|x64.Build.0 = Release.MgOs2.1|x64
		{2B330513-DB4A-41B4-8BA3-7F504788DE8C}.Release.MgOs2.2|Win32.ActiveCfg = Release.MgOs2.2|Win32
		{2B330513-DB4A-41B4-8BA3-7F504788DE8C}.Release.MgOs2.2|Win32.Build.0 = Release.MgOs2.2|Win32
		{2B330513-DB4A-41B4-8BA3-7F504788DE8C}.Release.MgOs2.2|x64.ActiveCfg = Release.MgOs2.2|x64
		{2B330513-DB4A-41B4-8BA3-7F504788DE8C}.Release.MgOs2.2|x64.Build.0 = Release.MgOs2.2|x64
		{2B330513-DB4A-41B4-8BA3-7F504788DE8C}.Release|Win32.ActiveCfg = Release|Win32
		{2B330513-DB4A-41B4-8BA3-7F504788DE8C}.Release|Win32.Build.0 = Release|Win32
		{2B330513-DB4A-41B4-8BA3-7F504788DE8C}.Release|x64.ActiveCfg = Release|x64
		{2B330513-DB4A-41B4-8BA3-7F504788DE8C}.Release|x64.Build.0 = Release|x64
		{3B88CD71-AA0B-41E0-B129-EAD819A2BD0C}.Debug.Ent2010|Win32.ActiveCfg = Debug.Ent2010|Win32
		{3B88CD71-AA0B-41E0-B129-EAD819A2BD0C}.Debug.Ent2010|Win32.Build.0 = Debug.Ent2010|Win32
		{3B88CD71-AA0B-41E0-B129-EAD819A2BD0C}.Debug.Ent2010|x64.ActiveCfg = Debug.Ent2010|x64
		{3B88CD71-AA0B-41E0-B129-EAD819A2BD0C}.Debug.Ent2010|x64.Build.0 = Debug.Ent2010|x64
		{3B88CD71-AA0B-41E0-B129-EAD819A2BD0C}.Debug.Ent2011|Win32.ActiveCfg = Debug.Ent2011|Win32
		{3B88CD71-AA0B-41E0-B129-EAD819A2BD0C}.Debug.Ent2011|Win32.Build.0 = Debug.Ent2011|Win32
		{3B88CD71-AA0B-41E0-B129-EAD819A2BD0C}.Debug.Ent2011|x64.ActiveCfg = Debug.Ent2011|x64
		{3B88CD71-AA0B-41E0-B129-EAD819A2BD0C}.Debug.Ent2011|x64.Build.0 = Debug.Ent2011|x64
		{3B88CD71-AA0B-41E0-B129-EAD819A2BD0C}.Debug.MgOs2.2|Win32.ActiveCfg = Debug.MgOs2.2|Win32
		{3B88CD71-AA0B-41E0-B129-EAD819A2BD0C}.Debug.MgOs2.2|Win32.Build.0 = Debug.MgOs2.2|Win32
		{3B88CD71-AA0B-41E0-B129-EAD819A2BD0C}.Debug.MgOs2.2|x64.ActiveCfg = Debug.MgOs2.2|x64
		{3B88CD71-AA0B-41E0-B129-EAD819A2BD0C}.Debug.MgOs2.2|x64.Build.0 = Debug.MgOs2.2|x64
		{3B88CD71-AA0B-41E0-B129-EAD819A2BD0C}.Debug|Win32.ActiveCfg = Debug|Win32
		{3B88CD71-AA0B-41E0-B129-EAD819A2BD0C}.Debug|Win32.Build.0 = Debug|Win32
		{3B88CD71-AA0B-41E0-B129-EAD819A2BD0C}.Debug|x64.ActiveCfg = Debug|x64
		{3B88CD71-AA0B-41E0-B129-EAD819A2BD0C}.Debug|x64.Build.0 = Debug|x64
		{3B88CD71-AA0B-41E0-B129-EAD819A2BD0C}.Release.Ent2010|Win32.ActiveCfg = Release.Ent2010|Win32
		{3B88CD71-AA0B-41E0-B129-EAD819A2BD0C}.Release.Ent2010|Win32.Build.0 = Release.Ent2010|Win32
		{3B88CD71-AA0B-41E0-B129-EAD819A2BD0C}.Release.Ent2010|x64.ActiveCfg = Release.Ent2010|x64
		{3B88CD71-AA0B-41E0-B129-EAD819A2BD0C}.Release.Ent2010|x64.Build.0 = Release.Ent2010|x64
		{3B88CD71-AA0B-41E0-B129-EAD819A2BD0C}.Release.Ent2011|Win32.ActiveCfg = Release.Ent2011|Win32
		{3B88CD71-AA0B-41E0-B129-EAD819A2BD0C}.Release.Ent2011|Win32.Build.0 = Release.Ent2011|Win32
		{3B88CD71-AA0B-41E0-B129-EAD819A2BD0C}.Release.Ent2011|x64.ActiveCfg = Release.Ent2011|x64
		{3B88CD71-AA0B-41E0-B129-EAD819A2BD0C}.Release.Ent2011|x64.Build.0 = Release.Ent2011|x64
		{3B88CD71-AA0B-41E0-B129-EAD819A2BD0C}.Release.Ent2012|Win32.ActiveCfg = Release.Ent2012|Win32
		{3B88CD71-AA0B-41E0-B129-EAD819A2BD0C}.Release.Ent2012|Win32.Build.0 = Release.Ent2012|Win32
		{3B88CD71-AA0B-41E0-B129-EAD819A2BD0C}.Release.Ent2012|x64.ActiveCfg = Release.Ent2012|x64
		{3B88CD71-AA0B-41E0-B129-EAD819A2BD0C}.Release.Ent2012|x64.Build.0 = Release.Ent2012|x64
		{3B88CD71-AA0B-41E0-B129-EAD819A2BD0C}.Release.MgOs2.1|Win32.ActiveCfg = Release.MgOs2.1|Win32
		{3B88CD71-AA0B-41E0-B129-EAD819A2BD0C}.Release.MgOs2.1|Win32.Build.0 = Release.MgOs2.1|Win32
		{3B88CD71-AA0B-41E0-B129-EAD819A2BD0C}.Release.MgOs2.1|x64.ActiveCfg = Release.MgOs2.1|x64
		{3B88CD71-AA0B-41E0-B129-EAD819A2BD0C}.Release.MgOs2.1|x64.Build.0 = Release.MgOs2.1|x64
		{3B88CD71-AA0B-41E0-B129-EAD819A2BD0C}.Release.MgOs2.2|Win32.ActiveCfg = Release.MgOs2.2|Win32
		{3B88CD71-AA0B-41E0-B129-EAD819A2BD0C}.Release.MgOs2.2|Win32.Build.0 = Release.MgOs2.2|Win32
		{3B88CD71-AA0B-41E0-B129-EAD819A2BD0C}.Release.MgOs2.2|x64.ActiveCfg = Release.MgOs2.2|x64
		{3B88CD71-AA0B-41E0-B129-EAD819A2BD0C}.Release.MgOs2.2|x64.Build.0 = Release.MgOs2.2|x64
		{3B88CD71-AA0B-41E0-B129-EAD819A2BD0C}.Release|Win32.ActiveCfg = Release|Win32
		{3B88CD71-AA0B-41E0-B129-EAD819A2BD0C}.Release|Win32.Build.0 = Release|Win32
		{3B88CD71-AA0B-41E0-B129-EAD819A2BD0C}.Release|x64.ActiveCfg = Release|x64
		{3B88CD71-AA0B-41E0-B129-EAD819A2BD0C}.Release|x64.Build.0 = Release|x64
		{04B2938B-DD2F-442C-AB7F-040697CD58FC}.Debug.Ent2010|Win32.ActiveCfg = Debug.Ent2010|Win32
		{04B2938B-DD2F-442C-AB7F-040697CD58FC}.Debug.Ent2010|Win32.Build.0 = Debug.Ent2010|Win32
		{04B2938B-DD2F-442C-AB7F-040697CD58FC}.Debug.Ent2010|x64.ActiveCfg = Debug.Ent2010|x64
		{04B2938B-DD2F-442C-AB7F-040697CD58FC}.Debug.Ent2010|x64.Build.0 = Debug.Ent2010|x64
		{04B2938B-DD2F-442C-AB7F-040697CD58FC}.Debug.Ent2011|Win32.ActiveCfg = Debug.Ent2011|Win32
		{04B2938B-DD2F-442C-AB7F-040697CD58FC}.Debug.Ent2011|Win32.Build.0 = Debug.Ent2011|Win32
		{04B2938B-DD2F-442C-AB7F-040697CD58FC}.Debug.Ent2011|x64.ActiveCfg = Debug.Ent2011|x64
		{04B2938B-DD2F-442C-AB7F-040697CD58FC}.Debug.Ent2011|x64.Build.0 = Debug.Ent2011|x64
		{04B2938B-DD2F-442C-AB7F-040697CD58FC}.Debug.MgOs2.2|Win32.ActiveCfg = Debug.MgOs2.2|Win32
		{04B2938B-DD2F-442C-AB7F-040697CD58FC}.Debug.MgOs2.2|Win32.Build.0 = Debug.MgOs2.2|Win32
		{04B2938B-DD2F-442C-AB7F-040697CD58FC}.Debug.MgOs2.2|x64.ActiveCfg = Debug.MgOs2.2|x64
		{04B2938B-DD2F-442C-AB7F-040697CD58FC}.Debug.MgOs2.2|x64.Build.0 = Debug.MgOs2.2|x64
		{04B2938B-DD2F-442C-AB7F-040697CD58FC}.Debug|Win32.ActiveCfg = Debug|Win32
		{04B2938B-DD2F-442C-AB7F-040697CD58FC}.Debug|Win32.Build.0 = Debug|Win32
		{04B2938B-DD2F-442C-AB7F-040697CD58FC}.Debug|x64.ActiveCfg = Debug|x64
		{04B2938B-DD2F-442C-AB7F-040697CD58FC}.Debug|x64.Build.0 = Debug|x64
		{04B2938B-DD2F-442C-AB7F-040697CD58FC}.Release.Ent2010|Win32.ActiveCfg = Release.Ent2010|Win32
		{04B2938B-DD2F-442C-AB7F-040697CD58FC}.Release.Ent2010|Win32.Build.0 = Release.Ent2010|Win32
		{04B2938B-DD2F-442C-AB7F-040697CD58FC}.Release.Ent2010|x64.ActiveCfg = Release.Ent2010|x64
		{04B2938B-DD2F-442C-AB7F-040697CD58FC}.Release.Ent2010|x64.Build.0 = Release.Ent2010|x64
		{04B2938B-DD2F-442C-AB7F-040697CD58FC}.Release.Ent2011|Win32.ActiveCfg = Release.Ent2011|Win32
		{04B2938B-DD2F-442C-AB7F-040697CD58FC}.Release.Ent2011|Win32.Build.0 = Release.Ent2011|Win32
		{04B2938B-DD2F-442C-AB7F-040697CD58FC}.Release.Ent2011|x64.ActiveCfg = Release.Ent2011|x64
		{04B2938B-DD2F-442C-AB7F-040697CD58FC}.Release.Ent2011|x64.Build.0 = Release.Ent2011|x64
		{04B2938B-DD2F-442C-AB7F-040697CD58FC}.Release.Ent2012|Win32.ActiveCfg = Release.Ent2012|Win32
		{04B2938B-DD2F-442C-AB7F-040697CD58FC}.Release.Ent2012|Win32.Build.0 = Release.Ent2012|Win32
		{04B2938B-DD2F-442C-AB7F-040697CD58FC}.Release.Ent2012|x64.ActiveCfg = Release.Ent2012|x64
		{04B2938B-DD2F-442C-AB7F-040697CD58FC}.Release.Ent2012|x64.Build.0 = Release.Ent2012|x64
		{04B2938B-DD2F-442C-AB7F-040697CD58FC}.Release.MgOs2.1|Win32.ActiveCfg = Release.MgOs2.1|Win32
		{04B2938B-DD2F-442C-AB7F-040697CD58FC}.Release.MgOs2.1|Win32.Build.0 = Release.MgOs2.1|Win32
		{04B2938B-DD2F-442C-AB7F-040697CD58FC}.Release.MgOs2.1|x64.ActiveCfg = Release.MgOs2.1|x64
		{04B2938B-DD2F-442C-AB7F-040697CD58FC}.Release.MgOs2.1|x64.Build.0 = Release.MgOs2.1|x64
		{04B2938B-DD2F-442C-AB7F-040697CD58FC}.Release.MgOs2.2|Win32.ActiveCfg = Release.MgOs2.2|Win32
		{04B2938B-DD2F-442C-AB7F-040697CD58FC}.Release.MgOs2.2|Win32.Build.0 = Release.MgOs2.2|Win32
		{04B2938B-DD2F-442C-AB7F-040697CD58FC}.Release.MgOs2.2|x64.ActiveCfg = Release.MgOs2.2|x64
		{04B2938B-DD2F-442C-AB7F-040697CD58FC}.Release.MgOs2.2|x64.Build.0 = Release.MgOs2.2|x64
		{04B2938B-DD2F-442C-AB7F-040697CD58FC}.Release|Win32.ActiveCfg = Release|Win32
		{04B2938B-DD2F-442C-AB7F-040697CD58FC}.Release|Win32.Build.0 = Release|Win32
		{04B2938B-DD2F-442C-AB7F-040697CD58FC}.Release|x64.ActiveCfg = Release|x64
		{04B2938B-DD2F-442C-AB7F-040697CD58FC}.Release|x64.Build.0 = Release|x64
		{809163AE-3A53-4248-A126-0C0996BD10A2}.Debug.Ent2010|Win32.ActiveCfg = Debug.Ent2010|Win32
		{809163AE-3A53-4248-A126-0C0996BD10A2}.Debug.Ent2010|Win32.Build.0 = Debug.Ent2010|Win32
		{809163AE-3A53-4248-A126-0C0996BD10A2}.Debug.Ent2010|x64.ActiveCfg = Debug.Ent2010|x64
		{809163AE-3A53-4248-A126-0C0996BD10A2}.Debug.Ent2010|x64.Build.0 = Debug.Ent2010|x64
		{809163AE-3A53-4248-A126-0C0996BD10A2}.Debug.Ent2011|Win32.ActiveCfg = Debug.Ent2011|Win32
		{809163AE-3A53-4248-A126-0C0996BD10A2}.Debug.Ent2011|Win32.Build.0 = Debug.Ent2011|Win32
		{809163AE-3A53-4248-A126-0C0996BD10A2}.Debug.Ent2011|x64.ActiveCfg = Debug.Ent2011|x64
		{809163AE-3A53-4248-A126-0C0996BD10A2}.Debug.Ent2011|x64.Build.0 = Debug.Ent2011|x64
		{809163AE-3A53-4248-A126-0C0996BD10A2}.Debug.MgOs2.2|Win32.ActiveCfg = Debug.MgOs2.2|Win32
		{809163AE-3A53-4248-A126-0C0996BD10A2}.Debug.MgOs2.2|Win32.Build.0 = Debug.MgOs2.2|Win32
		{809163AE-3A53-4248-A126-0C0996BD10A2}.Debug.MgOs2.2|x64.ActiveCfg = Debug.MgOs2.2|x64
		{809163AE-3A53-4248-A126-0C0996BD10A2}.Debug.MgOs2.2|x64.Build.0 = Debug.MgOs2.2|x64
		{809163AE-3A53-4248-A126-0C0996BD10A2}.Debug|Win32.ActiveCfg = Debug|Win32
		{809163AE-3A53-4248-A126-0C0996BD10A2}.Debug|Win32.Build.0 = Debug|Win32
		{809163AE-3A53-4248-A126-0C0996BD10A2}.Debug|x64.ActiveCfg = Debug|x64
		{809163AE-3A53-4248-A126-0C0996BD10A2}.Debug|x64.Build.0 = Debug|x64
		{809163AE-3A53-4248-A126-0C0996BD10A2}.Release.Ent2010|Win32.ActiveCfg = Release.Ent2010|Win32
		{809163AE-3A53-4248-A126-0C0996BD10A2}.Release.Ent2010|Win32.Build.0 = Release.Ent2010|Win32
		{809163AE-3A53-4248-A126-0C0996BD10A2}.Release.Ent2010|x64.ActiveCfg = Release.Ent2010|x64
		{809163AE-3A53-4248-A126-0C0996BD10A2}.Release.Ent2010|x64.Build.0 = Release.Ent2010|x64
		{809163AE-3A53-4248-A126-0C0996BD10A2}.Release.Ent2011|Win32.ActiveCfg = Release.Ent2011|Win32
		{809163AE-3A53-4248-A126-0C0996BD10A2}.Release.Ent2011|Win32.Build.0 = Release.Ent2011|Win32
		{809163AE-3A53-4248-A126-0C0996BD10A2}.Release.Ent2011|x64.ActiveCfg = Release.Ent2011|x64
		{809163AE-3A53-4248-A126-0C0996BD10A2}.Release.Ent2011|x64.Build.0 = Release.Ent2011|x64
		{809163AE-3A53-4248-A126-0C0996BD10A2}.Release.Ent2012|Win32.ActiveCfg = Release.Ent2012|Win32
		{809163AE-3A53-4248-A126-0C0996BD10A2}.Release.Ent2012|Win32.Build.0 = Release.Ent2012|Win32
		{809163AE-3A53-4248-A126-0C0996BD10A2}.Release.Ent2012|x64.ActiveCfg = Release.Ent2012|x64
		{809163AE-3A53-4248-A126-0C0996BD10A2}.Release.Ent2012|x64.Build.0 = Release.Ent2012|x64
		{809163AE-3A53-4248-A126-0C0996BD10A2}.Release.MgOs2.1|Win32.ActiveCfg = Release.MgOs2.1|Win32
		{809163AE-3A53-4248-A126-0C0996BD10A2}.Release.MgOs2.1|Win32.Build.0 = Release.MgOs2.1|Win32
		{809163AE-3A53-4248-A126-0C0996BD10A2}.Release.MgOs2.1|x64.ActiveCfg = Release.MgOs2.1|x64
		{809163AE-3A53-4248-A126-0C0996BD10A2}.Release.MgOs2.1|x64.Build.0 = Release.MgOs2.1|x64
		{809163AE-3A53-4248-A126-0C0996BD10A2}.Release.MgOs2.2|Win32.ActiveCfg = Release.MgOs2.2|Win32
		{809163AE-3A53-4248-A126-0C0996BD10A2}.Release.MgOs2.2|Win32.Build.0 = Release.MgOs2.2|Win32
		{809163AE-3A53-4248-A126-0C0996BD10A2}.Release.MgOs2.2|x64.ActiveCfg = Release.MgOs2.2|x64
		{809163AE-3A53-4248-A126-0C0996BD10A2}.Release.MgOs2.2|x64.Build.0 = Release.MgOs2.2|x64
		{809163AE-3A53-4248-A126-0C0996BD10A2}.Release|Win32.ActiveCfg = Release|Win32
		{809163AE-3A53-4248-A126-0C0996BD10A2}.Release|Win32.Build.0 = Release|Win32
		{809163AE-3A53-4248-A126-0C0996BD10A2}.Release|x64.ActiveCfg = Release|x64
		{809163AE-3A53-4248-A126-0C0996BD10A2}.Release|x64.Build.0 = Release|x64
	EndGlobalSection
	GlobalSection(SolutionProperties) = preSolution
		HideSolutionNode = FALSE
	EndGlobalSection
EndGlobal
